// !$*UTF8*$!
{
	archiveVersion = 1;
	classes = {
	};
	objectVersion = 46;
	objects = {

/* Begin PBXBuildFile section */
		130F837512E33E9000488D19 /* fast.jconf in Resources */ = {isa = PBXBuildFile; fileRef = 130F837412E33E9000488D19 /* fast.jconf */; };
		131BA4A9176184EF0033530B /* libjulius.a in Frameworks */ = {isa = PBXBuildFile; fileRef = 134018F01760A21A0047EC60 /* libjulius.a */; };
		131BA4E31761ADAE0033530B /* test.dfa in Resources */ = {isa = PBXBuildFile; fileRef = 131BA4DE1761ADAE0033530B /* test.dfa */; };
		131BA4E41761ADAE0033530B /* test.dict in Resources */ = {isa = PBXBuildFile; fileRef = 131BA4DF1761ADAE0033530B /* test.dict */; };
		131BA4E51761ADAE0033530B /* test.grammar in Resources */ = {isa = PBXBuildFile; fileRef = 131BA4E01761ADAE0033530B /* test.grammar */; };
		131BA4E71761ADAE0033530B /* test.voca in Resources */ = {isa = PBXBuildFile; fileRef = 131BA4E21761ADAE0033530B /* test.voca */; };
		133E19E2174CBD0E00506BCB /* Default-568h@2x.png in Resources */ = {isa = PBXBuildFile; fileRef = 133E19E1174CBD0E00506BCB /* Default-568h@2x.png */; };
		134018CB1760A14B0047EC60 /* hmmdefs in Resources */ = {isa = PBXBuildFile; fileRef = 134018C91760A14B0047EC60 /* hmmdefs */; };
		134018CC1760A14B0047EC60 /* tiedlist in Resources */ = {isa = PBXBuildFile; fileRef = 134018CA1760A14B0047EC60 /* tiedlist */; };
		13684FCB12E0AC0D00FBF870 /* libz.dylib in Frameworks */ = {isa = PBXBuildFile; fileRef = 13684FCA12E0AC0D00FBF870 /* libz.dylib */; };
		13684FEB12E0AC9900FBF870 /* light.jconf in Resources */ = {isa = PBXBuildFile; fileRef = 13684FEA12E0AC9900FBF870 /* light.jconf */; };
		13A7B9E8174F040500E832F3 /* DisplayView.m in Sources */ = {isa = PBXBuildFile; fileRef = 13A7B9E7174F040500E832F3 /* DisplayView.m */; };
		13A7B9EA174F347200E832F3 /* Accelerate.framework in Frameworks */ = {isa = PBXBuildFile; fileRef = 13A7B9E9174F347200E832F3 /* Accelerate.framework */; };
		13C5372212E1F9FB0071E4ED /* AVFoundation.framework in Frameworks */ = {isa = PBXBuildFile; fileRef = 13C5372112E1F9FB0071E4ED /* AVFoundation.framework */; };
		13C5372912E1FA070071E4ED /* CoreAudio.framework in Frameworks */ = {isa = PBXBuildFile; fileRef = 13C5372812E1FA070071E4ED /* CoreAudio.framework */; };
		13C5373F12E1FA910071E4ED /* Julius.m in Sources */ = {isa = PBXBuildFile; fileRef = 13C5373E12E1FA910071E4ED /* Julius.m */; };
		13C537A812E1FFEA0071E4ED /* MBProgressHUD.m in Sources */ = {isa = PBXBuildFile; fileRef = 13C5378E12E1FFEA0071E4ED /* MBProgressHUD.m */; };
		13C537A912E1FFEA0071E4ED /* README.mdown in Resources */ = {isa = PBXBuildFile; fileRef = 13C5378F12E1FFEA0071E4ED /* README.mdown */; };
		13D3FE10174A002600A5EF7F /* README.textile in Resources */ = {isa = PBXBuildFile; fileRef = 13D3FE0F174A002600A5EF7F /* README.textile */; };
		13D3FE1D174A106500A5EF7F /* RIOInterface.mm in Sources */ = {isa = PBXBuildFile; fileRef = 13D3FE1C174A106400A5EF7F /* RIOInterface.mm */; };
		13D3FE28174A221800A5EF7F /* CAXException.cpp in Sources */ = {isa = PBXBuildFile; fileRef = 13D3FE26174A221800A5EF7F /* CAXException.cpp */; };
		13D3FE2B174A26A300A5EF7F /* AudioToolbox.framework in Frameworks */ = {isa = PBXBuildFile; fileRef = 13D3FE2A174A26A300A5EF7F /* AudioToolbox.framework */; };
		1D3623260D0F684500981E51 /* JuliusSampleAppDelegate.m in Sources */ = {isa = PBXBuildFile; fileRef = 1D3623250D0F684500981E51 /* JuliusSampleAppDelegate.m */; };
		1D60589B0D05DD56006BFB54 /* main.m in Sources */ = {isa = PBXBuildFile; fileRef = 29B97316FDCFA39411CA2CEA /* main.m */; };
		1D60589F0D05DD5A006BFB54 /* Foundation.framework in Frameworks */ = {isa = PBXBuildFile; fileRef = 1D30AB110D05D00D00671497 /* Foundation.framework */; };
		1DF5F4E00D08C38300B7A737 /* UIKit.framework in Frameworks */ = {isa = PBXBuildFile; fileRef = 1DF5F4DF0D08C38300B7A737 /* UIKit.framework */; };
		288765A50DF7441C002DB57D /* CoreGraphics.framework in Frameworks */ = {isa = PBXBuildFile; fileRef = 288765A40DF7441C002DB57D /* CoreGraphics.framework */; };
		2899E5220DE3E06400AC0155 /* JuliusSampleViewController.xib in Resources */ = {isa = PBXBuildFile; fileRef = 2899E5210DE3E06400AC0155 /* JuliusSampleViewController.xib */; };
		28AD733F0D9D9553002E5188 /* MainWindow.xib in Resources */ = {isa = PBXBuildFile; fileRef = 28AD733E0D9D9553002E5188 /* MainWindow.xib */; };
		28D7ACF80DDB3853001CB0EB /* JuliusSampleViewController.m in Sources */ = {isa = PBXBuildFile; fileRef = 28D7ACF70DDB3853001CB0EB /* JuliusSampleViewController.m */; };
		4510C2AD1755ED6900C697AE /* test.jconf in Resources */ = {isa = PBXBuildFile; fileRef = 4510C2AC1755ED6900C697AE /* test.jconf */; };
/* End PBXBuildFile section */

/* Begin PBXContainerItemProxy section */
		134018EF1760A21A0047EC60 /* PBXContainerItemProxy */ = {
			isa = PBXContainerItemProxy;
			containerPortal = 134018E41760A2190047EC60 /* julius.xcodeproj */;
			proxyType = 2;
			remoteGlobalIDString = D2AAC07E0554694100DB518D;
			remoteInfo = julius;
		};
/* End PBXContainerItemProxy section */

/* Begin PBXFileReference section */
		130F837412E33E9000488D19 /* fast.jconf */ = {isa = PBXFileReference; fileEncoding = 4; lastKnownFileType = text; path = fast.jconf; sourceTree = "<group>"; };
		131BA4DE1761ADAE0033530B /* test.dfa */ = {isa = PBXFileReference; fileEncoding = 4; lastKnownFileType = text; path = test.dfa; sourceTree = "<group>"; };
		131BA4DF1761ADAE0033530B /* test.dict */ = {isa = PBXFileReference; explicitFileType = text.rtf; path = test.dict; sourceTree = "<group>"; };
		131BA4E01761ADAE0033530B /* test.grammar */ = {isa = PBXFileReference; fileEncoding = 4; lastKnownFileType = text; path = test.grammar; sourceTree = "<group>"; };
		131BA4E21761ADAE0033530B /* test.voca */ = {isa = PBXFileReference; fileEncoding = 4; lastKnownFileType = text; path = test.voca; sourceTree = "<group>"; };
		133E19E1174CBD0E00506BCB /* Default-568h@2x.png */ = {isa = PBXFileReference; lastKnownFileType = image.png; path = "Default-568h@2x.png"; sourceTree = "<group>"; };
		134018C91760A14B0047EC60 /* hmmdefs */ = {isa = PBXFileReference; fileEncoding = 4; lastKnownFileType = text; name = hmmdefs; path = model/hmmdefs; sourceTree = SOURCE_ROOT; };
		134018CA1760A14B0047EC60 /* tiedlist */ = {isa = PBXFileReference; fileEncoding = 4; lastKnownFileType = text; name = tiedlist; path = model/tiedlist; sourceTree = SOURCE_ROOT; };
		134018E41760A2190047EC60 /* julius.xcodeproj */ = {isa = PBXFileReference; lastKnownFileType = "wrapper.pb-project"; name = julius.xcodeproj; path = ../julius/julius.xcodeproj; sourceTree = "<group>"; };
		13684FCA12E0AC0D00FBF870 /* libz.dylib */ = {isa = PBXFileReference; lastKnownFileType = "compiled.mach-o.dylib"; name = libz.dylib; path = usr/lib/libz.dylib; sourceTree = SDKROOT; };
		13684FEA12E0AC9900FBF870 /* light.jconf */ = {isa = PBXFileReference; fileEncoding = 4; lastKnownFileType = text; path = light.jconf; sourceTree = "<group>"; };
		13A7B9E6174F040500E832F3 /* DisplayView.h */ = {isa = PBXFileReference; fileEncoding = 4; lastKnownFileType = sourcecode.c.h; path = DisplayView.h; sourceTree = "<group>"; };
		13A7B9E7174F040500E832F3 /* DisplayView.m */ = {isa = PBXFileReference; fileEncoding = 4; lastKnownFileType = sourcecode.c.objc; path = DisplayView.m; sourceTree = "<group>"; };
		13A7B9E9174F347200E832F3 /* Accelerate.framework */ = {isa = PBXFileReference; lastKnownFileType = wrapper.framework; name = Accelerate.framework; path = System/Library/Frameworks/Accelerate.framework; sourceTree = SDKROOT; };
		13C5372112E1F9FB0071E4ED /* AVFoundation.framework */ = {isa = PBXFileReference; lastKnownFileType = wrapper.framework; name = AVFoundation.framework; path = System/Library/Frameworks/AVFoundation.framework; sourceTree = SDKROOT; };
		13C5372812E1FA070071E4ED /* CoreAudio.framework */ = {isa = PBXFileReference; lastKnownFileType = wrapper.framework; name = CoreAudio.framework; path = System/Library/Frameworks/CoreAudio.framework; sourceTree = SDKROOT; };
		13C5373D12E1FA910071E4ED /* Julius.h */ = {isa = PBXFileReference; fileEncoding = 4; lastKnownFileType = sourcecode.c.h; path = Julius.h; sourceTree = "<group>"; };
		13C5373E12E1FA910071E4ED /* Julius.m */ = {isa = PBXFileReference; fileEncoding = 4; lastKnownFileType = sourcecode.c.objc; path = Julius.m; sourceTree = "<group>"; };
		13C5378D12E1FFEA0071E4ED /* MBProgressHUD.h */ = {isa = PBXFileReference; fileEncoding = 4; lastKnownFileType = sourcecode.c.h; path = MBProgressHUD.h; sourceTree = "<group>"; };
		13C5378E12E1FFEA0071E4ED /* MBProgressHUD.m */ = {isa = PBXFileReference; fileEncoding = 4; lastKnownFileType = sourcecode.c.objc; path = MBProgressHUD.m; sourceTree = "<group>"; };
		13C5378F12E1FFEA0071E4ED /* README.mdown */ = {isa = PBXFileReference; fileEncoding = 4; lastKnownFileType = text; path = README.mdown; sourceTree = "<group>"; };
		13D3FE0F174A002600A5EF7F /* README.textile */ = {isa = PBXFileReference; fileEncoding = 4; lastKnownFileType = text; name = README.textile; path = ../README.textile; sourceTree = "<group>"; };
		13D3FE19174A103200A5EF7F /* RIOInterface.h */ = {isa = PBXFileReference; fileEncoding = 4; lastKnownFileType = sourcecode.c.h; path = RIOInterface.h; sourceTree = "<group>"; };
		13D3FE1C174A106400A5EF7F /* RIOInterface.mm */ = {isa = PBXFileReference; fileEncoding = 4; lastKnownFileType = sourcecode.cpp.objcpp; path = RIOInterface.mm; sourceTree = "<group>"; };
		13D3FE24174A221800A5EF7F /* CADebugMacros.h */ = {isa = PBXFileReference; fileEncoding = 4; lastKnownFileType = sourcecode.c.h; path = CADebugMacros.h; sourceTree = "<group>"; };
		13D3FE25174A221800A5EF7F /* CAStreamBasicDescription.h */ = {isa = PBXFileReference; fileEncoding = 4; lastKnownFileType = sourcecode.c.h; path = CAStreamBasicDescription.h; sourceTree = "<group>"; };
		13D3FE26174A221800A5EF7F /* CAXException.cpp */ = {isa = PBXFileReference; fileEncoding = 4; lastKnownFileType = sourcecode.cpp.cpp; path = CAXException.cpp; sourceTree = "<group>"; };
		13D3FE27174A221800A5EF7F /* CAXException.h */ = {isa = PBXFileReference; fileEncoding = 4; lastKnownFileType = sourcecode.c.h; path = CAXException.h; sourceTree = "<group>"; };
		13D3FE2A174A26A300A5EF7F /* AudioToolbox.framework */ = {isa = PBXFileReference; lastKnownFileType = wrapper.framework; name = AudioToolbox.framework; path = System/Library/Frameworks/AudioToolbox.framework; sourceTree = SDKROOT; };
		1D30AB110D05D00D00671497 /* Foundation.framework */ = {isa = PBXFileReference; lastKnownFileType = wrapper.framework; name = Foundation.framework; path = System/Library/Frameworks/Foundation.framework; sourceTree = SDKROOT; };
		1D3623240D0F684500981E51 /* JuliusSampleAppDelegate.h */ = {isa = PBXFileReference; fileEncoding = 4; lastKnownFileType = sourcecode.c.h; path = JuliusSampleAppDelegate.h; sourceTree = "<group>"; };
		1D3623250D0F684500981E51 /* JuliusSampleAppDelegate.m */ = {isa = PBXFileReference; fileEncoding = 4; lastKnownFileType = sourcecode.c.objc; path = JuliusSampleAppDelegate.m; sourceTree = "<group>"; };
		1D6058910D05DD3D006BFB54 /* JuliusSample.app */ = {isa = PBXFileReference; explicitFileType = wrapper.application; includeInIndex = 0; path = JuliusSample.app; sourceTree = BUILT_PRODUCTS_DIR; };
		1DF5F4DF0D08C38300B7A737 /* UIKit.framework */ = {isa = PBXFileReference; lastKnownFileType = wrapper.framework; name = UIKit.framework; path = System/Library/Frameworks/UIKit.framework; sourceTree = SDKROOT; };
		288765A40DF7441C002DB57D /* CoreGraphics.framework */ = {isa = PBXFileReference; lastKnownFileType = wrapper.framework; name = CoreGraphics.framework; path = System/Library/Frameworks/CoreGraphics.framework; sourceTree = SDKROOT; };
		2899E5210DE3E06400AC0155 /* JuliusSampleViewController.xib */ = {isa = PBXFileReference; lastKnownFileType = file.xib; path = JuliusSampleViewController.xib; sourceTree = "<group>"; };
		28AD733E0D9D9553002E5188 /* MainWindow.xib */ = {isa = PBXFileReference; lastKnownFileType = file.xib; path = MainWindow.xib; sourceTree = "<group>"; };
		28D7ACF60DDB3853001CB0EB /* JuliusSampleViewController.h */ = {isa = PBXFileReference; fileEncoding = 4; lastKnownFileType = sourcecode.c.h; path = JuliusSampleViewController.h; sourceTree = "<group>"; };
		28D7ACF70DDB3853001CB0EB /* JuliusSampleViewController.m */ = {isa = PBXFileReference; fileEncoding = 4; lastKnownFileType = sourcecode.c.objc; path = JuliusSampleViewController.m; sourceTree = "<group>"; };
		29B97316FDCFA39411CA2CEA /* main.m */ = {isa = PBXFileReference; fileEncoding = 4; lastKnownFileType = sourcecode.c.objc; path = main.m; sourceTree = "<group>"; };
		32CA4F630368D1EE00C91783 /* JuliusSample_Prefix.pch */ = {isa = PBXFileReference; fileEncoding = 4; lastKnownFileType = sourcecode.c.h; path = JuliusSample_Prefix.pch; sourceTree = "<group>"; };
		4510C2AC1755ED6900C697AE /* test.jconf */ = {isa = PBXFileReference; fileEncoding = 4; lastKnownFileType = text; name = test.jconf; path = model/test.jconf; sourceTree = "<group>"; };
		8D1107310486CEB800E47090 /* JuliusSample-Info.plist */ = {isa = PBXFileReference; fileEncoding = 4; lastKnownFileType = text.plist.xml; path = "JuliusSample-Info.plist"; plistStructureDefinitionIdentifier = "com.apple.xcode.plist.structure-definition.iphone.info-plist"; sourceTree = "<group>"; };
/* End PBXFileReference section */

/* Begin PBXFrameworksBuildPhase section */
		1D60588F0D05DD3D006BFB54 /* Frameworks */ = {
			isa = PBXFrameworksBuildPhase;
			buildActionMask = 2147483647;
			files = (
				131BA4A9176184EF0033530B /* libjulius.a in Frameworks */,
				13A7B9EA174F347200E832F3 /* Accelerate.framework in Frameworks */,
				13D3FE2B174A26A300A5EF7F /* AudioToolbox.framework in Frameworks */,
				1D60589F0D05DD5A006BFB54 /* Foundation.framework in Frameworks */,
				1DF5F4E00D08C38300B7A737 /* UIKit.framework in Frameworks */,
				288765A50DF7441C002DB57D /* CoreGraphics.framework in Frameworks */,
				13684FCB12E0AC0D00FBF870 /* libz.dylib in Frameworks */,
				13C5372212E1F9FB0071E4ED /* AVFoundation.framework in Frameworks */,
				13C5372912E1FA070071E4ED /* CoreAudio.framework in Frameworks */,
			);
			runOnlyForDeploymentPostprocessing = 0;
		};
/* End PBXFrameworksBuildPhase section */

/* Begin PBXGroup section */
		080E96DDFE201D6D7F000001 /* Classes */ = {
			isa = PBXGroup;
			children = (
				13684FAE12E0ABDB00FBF870 /* Controller */,
				13684FAD12E0ABD500FBF870 /* AppDelegate */,
				13D3FE19174A103200A5EF7F /* RIOInterface.h */,
				13D3FE1C174A106400A5EF7F /* RIOInterface.mm */,
			);
			path = Classes;
			sourceTree = "<group>";
		};
		134018E51760A2190047EC60 /* Products */ = {
			isa = PBXGroup;
			children = (
				134018F01760A21A0047EC60 /* libjulius.a */,
			);
			name = Products;
			sourceTree = "<group>";
		};
		13684FAD12E0ABD500FBF870 /* AppDelegate */ = {
			isa = PBXGroup;
			children = (
				1D3623240D0F684500981E51 /* JuliusSampleAppDelegate.h */,
				1D3623250D0F684500981E51 /* JuliusSampleAppDelegate.m */,
			);
			name = AppDelegate;
			sourceTree = "<group>";
		};
		13684FAE12E0ABDB00FBF870 /* Controller */ = {
			isa = PBXGroup;
			children = (
				28D7ACF60DDB3853001CB0EB /* JuliusSampleViewController.h */,
				28D7ACF70DDB3853001CB0EB /* JuliusSampleViewController.m */,
				13A7B9E6174F040500E832F3 /* DisplayView.h */,
				13A7B9E7174F040500E832F3 /* DisplayView.m */,
			);
			name = Controller;
			sourceTree = "<group>";
		};
		13684FAF12E0ABE800FBF870 /* xib */ = {
			isa = PBXGroup;
			children = (
				28AD733E0D9D9553002E5188 /* MainWindow.xib */,
				2899E5210DE3E06400AC0155 /* JuliusSampleViewController.xib */,
			);
			name = xib;
			sourceTree = "<group>";
		};
		13684FDB12E0AC5A00FBF870 /* model */ = {
			isa = PBXGroup;
			children = (
				131BA4DE1761ADAE0033530B /* test.dfa */,
				131BA4DF1761ADAE0033530B /* test.dict */,
				131BA4E01761ADAE0033530B /* test.grammar */,
				131BA4E21761ADAE0033530B /* test.voca */,
				13684FDC12E0AC5A00FBF870 /* lang_m */,
				13684FE012E0AC5B00FBF870 /* phone_m */,
			);
			path = model;
			sourceTree = "<group>";
		};
		13684FDC12E0AC5A00FBF870 /* lang_m */ = {
			isa = PBXGroup;
			children = (
			);
			path = lang_m;
			sourceTree = "<group>";
		};
		13684FE012E0AC5B00FBF870 /* phone_m */ = {
			isa = PBXGroup;
			children = (
				134018C91760A14B0047EC60 /* hmmdefs */,
				134018CA1760A14B0047EC60 /* tiedlist */,
			);
			path = phone_m;
			sourceTree = "<group>";
		};
		13C5374012E1FA940071E4ED /* Julius */ = {
			isa = PBXGroup;
			children = (
				13C5373D12E1FA910071E4ED /* Julius.h */,
				13C5373E12E1FA910071E4ED /* Julius.m */,
			);
			name = Julius;
			sourceTree = "<group>";
		};
		13C5376612E1FFE90071E4ED /* MBProgressHUD */ = {
			isa = PBXGroup;
			children = (
				13C5378D12E1FFEA0071E4ED /* MBProgressHUD.h */,
				13C5378E12E1FFEA0071E4ED /* MBProgressHUD.m */,
				13C5378F12E1FFEA0071E4ED /* README.mdown */,
			);
			path = MBProgressHUD;
			sourceTree = "<group>";
		};
		13D3FE23174A21FD00A5EF7F /* CAUtility */ = {
			isa = PBXGroup;
			children = (
				13D3FE24174A221800A5EF7F /* CADebugMacros.h */,
				13D3FE25174A221800A5EF7F /* CAStreamBasicDescription.h */,
				13D3FE26174A221800A5EF7F /* CAXException.cpp */,
				13D3FE27174A221800A5EF7F /* CAXException.h */,
			);
			name = CAUtility;
			sourceTree = "<group>";
		};
		19C28FACFE9D520D11CA2CBB /* Products */ = {
			isa = PBXGroup;
			children = (
				1D6058910D05DD3D006BFB54 /* JuliusSample.app */,
			);
			name = Products;
			sourceTree = "<group>";
		};
		29B97314FDCFA39411CA2CEA /* CustomTemplate */ = {
			isa = PBXGroup;
			children = (
				133E19E1174CBD0E00506BCB /* Default-568h@2x.png */,
				13D3FE0F174A002600A5EF7F /* README.textile */,
				080E96DDFE201D6D7F000001 /* Classes */,
				29B97315FDCFA39411CA2CEA /* Other Sources */,
				29B97317FDCFA39411CA2CEA /* Resources */,
				29B97323FDCFA39411CA2CEA /* Frameworks */,
				19C28FACFE9D520D11CA2CBB /* Products */,
			);
			name = CustomTemplate;
			sourceTree = "<group>";
		};
		29B97315FDCFA39411CA2CEA /* Other Sources */ = {
			isa = PBXGroup;
			children = (
				134018E41760A2190047EC60 /* julius.xcodeproj */,
				13D3FE23174A21FD00A5EF7F /* CAUtility */,
				13C5376612E1FFE90071E4ED /* MBProgressHUD */,
				13C5374012E1FA940071E4ED /* Julius */,
				32CA4F630368D1EE00C91783 /* JuliusSample_Prefix.pch */,
				29B97316FDCFA39411CA2CEA /* main.m */,
			);
			name = "Other Sources";
			sourceTree = "<group>";
		};
		29B97317FDCFA39411CA2CEA /* Resources */ = {
			isa = PBXGroup;
			children = (
				13684FAF12E0ABE800FBF870 /* xib */,
				13684FDB12E0AC5A00FBF870 /* model */,
				8D1107310486CEB800E47090 /* JuliusSample-Info.plist */,
				4510C2AC1755ED6900C697AE /* test.jconf */,
				13684FEA12E0AC9900FBF870 /* light.jconf */,
				130F837412E33E9000488D19 /* fast.jconf */,
			);
			name = Resources;
			sourceTree = "<group>";
		};
		29B97323FDCFA39411CA2CEA /* Frameworks */ = {
			isa = PBXGroup;
			children = (
				13A7B9E9174F347200E832F3 /* Accelerate.framework */,
				13D3FE2A174A26A300A5EF7F /* AudioToolbox.framework */,
				1DF5F4DF0D08C38300B7A737 /* UIKit.framework */,
				1D30AB110D05D00D00671497 /* Foundation.framework */,
				13C5372112E1F9FB0071E4ED /* AVFoundation.framework */,
				288765A40DF7441C002DB57D /* CoreGraphics.framework */,
				13C5372812E1FA070071E4ED /* CoreAudio.framework */,
				13684FCA12E0AC0D00FBF870 /* libz.dylib */,
			);
			name = Frameworks;
			sourceTree = "<group>";
		};
/* End PBXGroup section */

/* Begin PBXNativeTarget section */
		1D6058900D05DD3D006BFB54 /* JuliusSample */ = {
			isa = PBXNativeTarget;
			buildConfigurationList = 1D6058960D05DD3E006BFB54 /* Build configuration list for PBXNativeTarget "JuliusSample" */;
			buildPhases = (
				1D60588D0D05DD3D006BFB54 /* Resources */,
				1D60588E0D05DD3D006BFB54 /* Sources */,
				1D60588F0D05DD3D006BFB54 /* Frameworks */,
			);
			buildRules = (
			);
			dependencies = (
			);
			name = JuliusSample;
			productName = JuliusSample;
			productReference = 1D6058910D05DD3D006BFB54 /* JuliusSample.app */;
			productType = "com.apple.product-type.application";
		};
/* End PBXNativeTarget section */

/* Begin PBXProject section */
		29B97313FDCFA39411CA2CEA /* Project object */ = {
			isa = PBXProject;
			attributes = {
				LastUpgradeCheck = 0450;
			};
			buildConfigurationList = C01FCF4E08A954540054247B /* Build configuration list for PBXProject "JuliusSample" */;
			compatibilityVersion = "Xcode 3.2";
			developmentRegion = English;
			hasScannedForEncodings = 1;
			knownRegions = (
				English,
				Japanese,
				French,
				German,
			);
			mainGroup = 29B97314FDCFA39411CA2CEA /* CustomTemplate */;
			projectDirPath = "";
			projectReferences = (
				{
					ProductGroup = 134018E51760A2190047EC60 /* Products */;
					ProjectRef = 134018E41760A2190047EC60 /* julius.xcodeproj */;
				},
			);
			projectRoot = "";
			targets = (
				1D6058900D05DD3D006BFB54 /* JuliusSample */,
			);
		};
/* End PBXProject section */

/* Begin PBXReferenceProxy section */
		134018F01760A21A0047EC60 /* libjulius.a */ = {
			isa = PBXReferenceProxy;
			fileType = archive.ar;
			path = libjulius.a;
			remoteRef = 134018EF1760A21A0047EC60 /* PBXContainerItemProxy */;
			sourceTree = BUILT_PRODUCTS_DIR;
		};
/* End PBXReferenceProxy section */

/* Begin PBXResourcesBuildPhase section */
		1D60588D0D05DD3D006BFB54 /* Resources */ = {
			isa = PBXResourcesBuildPhase;
			buildActionMask = 2147483647;
			files = (
				28AD733F0D9D9553002E5188 /* MainWindow.xib in Resources */,
				2899E5220DE3E06400AC0155 /* JuliusSampleViewController.xib in Resources */,
				13684FEB12E0AC9900FBF870 /* light.jconf in Resources */,
				13C537A912E1FFEA0071E4ED /* README.mdown in Resources */,
				130F837512E33E9000488D19 /* fast.jconf in Resources */,
				13D3FE10174A002600A5EF7F /* README.textile in Resources */,
				133E19E2174CBD0E00506BCB /* Default-568h@2x.png in Resources */,
				4510C2AD1755ED6900C697AE /* test.jconf in Resources */,
				134018CB1760A14B0047EC60 /* hmmdefs in Resources */,
				134018CC1760A14B0047EC60 /* tiedlist in Resources */,
				131BA4E31761ADAE0033530B /* test.dfa in Resources */,
				131BA4E41761ADAE0033530B /* test.dict in Resources */,
				131BA4E51761ADAE0033530B /* test.grammar in Resources */,
				131BA4E71761ADAE0033530B /* test.voca in Resources */,
			);
			runOnlyForDeploymentPostprocessing = 0;
		};
/* End PBXResourcesBuildPhase section */

/* Begin PBXSourcesBuildPhase section */
		1D60588E0D05DD3D006BFB54 /* Sources */ = {
			isa = PBXSourcesBuildPhase;
			buildActionMask = 2147483647;
			files = (
				1D60589B0D05DD56006BFB54 /* main.m in Sources */,
				1D3623260D0F684500981E51 /* JuliusSampleAppDelegate.m in Sources */,
				28D7ACF80DDB3853001CB0EB /* JuliusSampleViewController.m in Sources */,
				13C5373F12E1FA910071E4ED /* Julius.m in Sources */,
				13C537A812E1FFEA0071E4ED /* MBProgressHUD.m in Sources */,
				13D3FE1D174A106500A5EF7F /* RIOInterface.mm in Sources */,
				13D3FE28174A221800A5EF7F /* CAXException.cpp in Sources */,
				13A7B9E8174F040500E832F3 /* DisplayView.m in Sources */,
			);
			runOnlyForDeploymentPostprocessing = 0;
		};
/* End PBXSourcesBuildPhase section */

/* Begin XCBuildConfiguration section */
		1D6058940D05DD3E006BFB54 /* Debug */ = {
			isa = XCBuildConfiguration;
			buildSettings = {
				ALWAYS_SEARCH_USER_PATHS = NO;
				COPY_PHASE_STRIP = NO;
				GCC_DYNAMIC_NO_PIC = NO;
				GCC_OPTIMIZATION_LEVEL = 0;
				GCC_PRECOMPILE_PREFIX_HEADER = YES;
				GCC_PREFIX_HEADER = JuliusSample_Prefix.pch;
				INFOPLIST_FILE = "JuliusSample-Info.plist";
				LIBRARY_SEARCH_PATHS = (
					"$(inherited)",
					"\"$(SRCROOT)/../../../Library/Developer/Xcode/DerivedData/JuliusSample-dkfxlwvaxsdltharyfnpfcqsertb/Build/Products/Debug-iphoneos\"",
				);
				PRODUCT_NAME = JuliusSample;
			};
			name = Debug;
		};
		1D6058950D05DD3E006BFB54 /* Release */ = {
			isa = XCBuildConfiguration;
			buildSettings = {
				ALWAYS_SEARCH_USER_PATHS = NO;
				COPY_PHASE_STRIP = YES;
				GCC_PRECOMPILE_PREFIX_HEADER = YES;
				GCC_PREFIX_HEADER = JuliusSample_Prefix.pch;
				INFOPLIST_FILE = "JuliusSample-Info.plist";
				LIBRARY_SEARCH_PATHS = (
					"$(inherited)",
					"\"$(SRCROOT)/../../../Library/Developer/Xcode/DerivedData/JuliusSample-dkfxlwvaxsdltharyfnpfcqsertb/Build/Products/Debug-iphoneos\"",
				);
				PRODUCT_NAME = JuliusSample;
				VALIDATE_PRODUCT = YES;
			};
			name = Release;
		};
		C01FCF4F08A954540054247B /* Debug */ = {
			isa = XCBuildConfiguration;
			buildSettings = {
				ARCHS = "$(ARCHS_STANDARD_32_BIT)";
				"CODE_SIGN_IDENTITY[sdk=iphoneos*]" = "iPhone Developer";
				GCC_C_LANGUAGE_STANDARD = c99;
				GCC_WARN_ABOUT_RETURN_TYPE = YES;
				GCC_WARN_UNUSED_VARIABLE = YES;
				HEADER_SEARCH_PATHS = (
					../sent,
					../julius,
				);
				IPHONEOS_DEPLOYMENT_TARGET = 6.0;
				SDKROOT = iphoneos;
			};
			name = Debug;
		};
		C01FCF5008A954540054247B /* Release */ = {
			isa = XCBuildConfiguration;
			buildSettings = {
				ARCHS = "$(ARCHS_STANDARD_32_BIT)";
				"CODE_SIGN_IDENTITY[sdk=iphoneos*]" = "iPhone Developer";
				GCC_C_LANGUAGE_STANDARD = c99;
				GCC_WARN_ABOUT_RETURN_TYPE = YES;
				GCC_WARN_UNUSED_VARIABLE = YES;
				HEADER_SEARCH_PATHS = (
					../sent,
					../julius,
				);
				IPHONEOS_DEPLOYMENT_TARGET = 6.0;
				OTHER_CFLAGS = "-DNS_BLOCK_ASSERTIONS=1";
				SDKROOT = iphoneos;
			};
			name = Release;
		};
/* End XCBuildConfiguration section */

/* Begin XCConfigurationList section */
		1D6058960D05DD3E006BFB54 /* Build configuration list for PBXNativeTarget "JuliusSample" */ = {
			isa = XCConfigurationList;
			buildConfigurations = (
				1D6058940D05DD3E006BFB54 /* Debug */,
				1D6058950D05DD3E006BFB54 /* Release */,
			);
			defaultConfigurationIsVisible = 0;
			defaultConfigurationName = Release;
		};
		C01FCF4E08A954540054247B /* Build configuration list for PBXProject "JuliusSample" */ = {
			isa = XCConfigurationList;
			buildConfigurations = (
				C01FCF4F08A954540054247B /* Debug */,
				C01FCF5008A954540054247B /* Release */,
			);
			defaultConfigurationIsVisible = 0;
			defaultConfigurationName = Release;
		};
/* End XCConfigurationList section */
	};
	rootObject = 29B97313FDCFA39411CA2CEA /* Project object */;
}
