// !$*UTF8*$!
{
	archiveVersion = 1;
	classes = {
	};
	objectVersion = 46;
	objects = {

/* Begin PBXBuildFile section */
		130F837512E33E9000488D19 /* fast.jconf in Resources */ = {isa = PBXBuildFile; fileRef = 130F837412E33E9000488D19 /* fast.jconf */; };
		13684FCB12E0AC0D00FBF870 /* libz.dylib in Frameworks */ = {isa = PBXBuildFile; fileRef = 13684FCA12E0AC0D00FBF870 /* libz.dylib */; };
		13684FD912E0AC2C00FBF870 /* libjulius.a in Frameworks */ = {isa = PBXBuildFile; fileRef = 13684FD712E0AC2300FBF870 /* libjulius.a */; };
		13684FEB12E0AC9900FBF870 /* light.jconf in Resources */ = {isa = PBXBuildFile; fileRef = 13684FEA12E0AC9900FBF870 /* light.jconf */; };
		13A7355D174CB63800A57375 /* hmmdefs in Resources */ = {isa = PBXBuildFile; fileRef = 13A73512174CB63800A57375 /* hmmdefs */; };
		13A7355E174CB63800A57375 /* macros in Resources */ = {isa = PBXBuildFile; fileRef = 13A73513174CB63800A57375 /* macros */; };
		13A7355F174CB63800A57375 /* tiedlist in Resources */ = {isa = PBXBuildFile; fileRef = 13A73514174CB63800A57375 /* tiedlist */; };
		13A73560174CB63800A57375 /* accept_check.exe in Resources */ = {isa = PBXBuildFile; fileRef = 13A73516174CB63800A57375 /* accept_check.exe */; };
		13A73561174CB63800A57375 /* adinrec.exe in Resources */ = {isa = PBXBuildFile; fileRef = 13A73517174CB63800A57375 /* adinrec.exe */; };
		13A73562174CB63800A57375 /* adintool.exe in Resources */ = {isa = PBXBuildFile; fileRef = 13A73518174CB63800A57375 /* adintool.exe */; };
		13A73563174CB63800A57375 /* dfa_determinize.exe in Resources */ = {isa = PBXBuildFile; fileRef = 13A73519174CB63800A57375 /* dfa_determinize.exe */; };
		13A73564174CB63800A57375 /* dfa_minimize.exe in Resources */ = {isa = PBXBuildFile; fileRef = 13A7351A174CB63800A57375 /* dfa_minimize.exe */; };
		13A73565174CB63800A57375 /* generate-ngram.exe in Resources */ = {isa = PBXBuildFile; fileRef = 13A7351B174CB63800A57375 /* generate-ngram.exe */; };
		13A73566174CB63800A57375 /* generate.exe in Resources */ = {isa = PBXBuildFile; fileRef = 13A7351C174CB63800A57375 /* generate.exe */; };
		13A73567174CB63800A57375 /* gram2sapixml.pl in Resources */ = {isa = PBXBuildFile; fileRef = 13A7351D174CB63800A57375 /* gram2sapixml.pl */; };
		13A73568174CB63800A57375 /* jclient.pl in Resources */ = {isa = PBXBuildFile; fileRef = 13A7351E174CB63800A57375 /* jclient.pl */; };
		13A73569174CB63800A57375 /* jcontrol.exe in Resources */ = {isa = PBXBuildFile; fileRef = 13A7351F174CB63800A57375 /* jcontrol.exe */; };
		13A7356A174CB63800A57375 /* julius-4.2-decoder-vad.exe in Resources */ = {isa = PBXBuildFile; fileRef = 13A73520174CB63800A57375 /* julius-4.2-decoder-vad.exe */; };
		13A7356B174CB63800A57375 /* julius-4.2-gmm-vad.exe in Resources */ = {isa = PBXBuildFile; fileRef = 13A73521174CB63800A57375 /* julius-4.2-gmm-vad.exe */; };
		13A7356C174CB63800A57375 /* julius-4.2-std.exe in Resources */ = {isa = PBXBuildFile; fileRef = 13A73522174CB63800A57375 /* julius-4.2-std.exe */; };
		13A7356D174CB63800A57375 /* julius-4.2.exe in Resources */ = {isa = PBXBuildFile; fileRef = 13A73523174CB63800A57375 /* julius-4.2.exe */; };
		13A7356E174CB63800A57375 /* julius.exe in Resources */ = {isa = PBXBuildFile; fileRef = 13A73524174CB63800A57375 /* julius.exe */; };
		13A7356F174CB63800A57375 /* libjulius-config in Resources */ = {isa = PBXBuildFile; fileRef = 13A73525174CB63800A57375 /* libjulius-config */; };
		13A73570174CB63800A57375 /* libsent-config in Resources */ = {isa = PBXBuildFile; fileRef = 13A73526174CB63800A57375 /* libsent-config */; };
		13A73571174CB63800A57375 /* mkbingram.exe in Resources */ = {isa = PBXBuildFile; fileRef = 13A73527174CB63800A57375 /* mkbingram.exe */; };
		13A73572174CB63800A57375 /* mkbinhmm.exe in Resources */ = {isa = PBXBuildFile; fileRef = 13A73528174CB63800A57375 /* mkbinhmm.exe */; };
		13A73573174CB63800A57375 /* mkbinhmmlist.exe in Resources */ = {isa = PBXBuildFile; fileRef = 13A73529174CB63800A57375 /* mkbinhmmlist.exe */; };
		13A73574174CB63800A57375 /* mkdfa.pl in Resources */ = {isa = PBXBuildFile; fileRef = 13A7352A174CB63800A57375 /* mkdfa.pl */; };
		13A73575174CB63800A57375 /* mkfa.exe in Resources */ = {isa = PBXBuildFile; fileRef = 13A7352B174CB63800A57375 /* mkfa.exe */; };
		13A73576174CB63800A57375 /* mkgshmm in Resources */ = {isa = PBXBuildFile; fileRef = 13A7352C174CB63800A57375 /* mkgshmm */; };
		13A73577174CB63800A57375 /* mkss.exe in Resources */ = {isa = PBXBuildFile; fileRef = 13A7352D174CB63800A57375 /* mkss.exe */; };
		13A73578174CB63800A57375 /* neighbors.grammar in Resources */ = {isa = PBXBuildFile; fileRef = 13A7352E174CB63800A57375 /* neighbors.grammar */; };
		13A73579174CB63800A57375 /* neighbors.term in Resources */ = {isa = PBXBuildFile; fileRef = 13A7352F174CB63800A57375 /* neighbors.term */; };
		13A7357A174CB63800A57375 /* neighbors.voca in Resources */ = {isa = PBXBuildFile; fileRef = 13A73530174CB63800A57375 /* neighbors.voca */; };
		13A7357B174CB63800A57375 /* nextword.exe in Resources */ = {isa = PBXBuildFile; fileRef = 13A73531174CB63800A57375 /* nextword.exe */; };
		13A7357C174CB63800A57375 /* yomi2voca.pl in Resources */ = {isa = PBXBuildFile; fileRef = 13A73532174CB63800A57375 /* yomi2voca.pl */; };
		13A7357D174CB63800A57375 /* Juliusbook-4.1.5.pdf in Resources */ = {isa = PBXBuildFile; fileRef = 13A73534174CB63800A57375 /* Juliusbook-4.1.5.pdf */; };
		13A7357E174CB63800A57375 /* accept_check.txt in Resources */ = {isa = PBXBuildFile; fileRef = 13A73536174CB63800A57375 /* accept_check.txt */; };
		13A7357F174CB63800A57375 /* adinrec.txt in Resources */ = {isa = PBXBuildFile; fileRef = 13A73537174CB63800A57375 /* adinrec.txt */; };
		13A73580174CB63800A57375 /* adintool.txt in Resources */ = {isa = PBXBuildFile; fileRef = 13A73538174CB63800A57375 /* adintool.txt */; };
		13A73581174CB63800A57375 /* dfa_determinize.txt in Resources */ = {isa = PBXBuildFile; fileRef = 13A73539174CB63800A57375 /* dfa_determinize.txt */; };
		13A73582174CB63800A57375 /* dfa_minimize.txt in Resources */ = {isa = PBXBuildFile; fileRef = 13A7353A174CB63800A57375 /* dfa_minimize.txt */; };
		13A73583174CB63800A57375 /* generate-ngram.txt in Resources */ = {isa = PBXBuildFile; fileRef = 13A7353B174CB63800A57375 /* generate-ngram.txt */; };
		13A73584174CB63800A57375 /* generate.txt in Resources */ = {isa = PBXBuildFile; fileRef = 13A7353C174CB63800A57375 /* generate.txt */; };
		13A73585174CB63800A57375 /* gram2sapixml.pl.txt in Resources */ = {isa = PBXBuildFile; fileRef = 13A7353D174CB63800A57375 /* gram2sapixml.pl.txt */; };
		13A73586174CB63800A57375 /* jclient.pl.txt in Resources */ = {isa = PBXBuildFile; fileRef = 13A7353E174CB63800A57375 /* jclient.pl.txt */; };
		13A73587174CB63800A57375 /* jcontrol.txt in Resources */ = {isa = PBXBuildFile; fileRef = 13A7353F174CB63800A57375 /* jcontrol.txt */; };
		13A73588174CB63800A57375 /* julius.txt in Resources */ = {isa = PBXBuildFile; fileRef = 13A73540174CB63800A57375 /* julius.txt */; };
		13A73589174CB63800A57375 /* mkbingram.txt in Resources */ = {isa = PBXBuildFile; fileRef = 13A73541174CB63800A57375 /* mkbingram.txt */; };
		13A7358A174CB63800A57375 /* mkbinhmm.txt in Resources */ = {isa = PBXBuildFile; fileRef = 13A73542174CB63800A57375 /* mkbinhmm.txt */; };
		13A7358B174CB63800A57375 /* mkbinhmmlist.txt in Resources */ = {isa = PBXBuildFile; fileRef = 13A73543174CB63800A57375 /* mkbinhmmlist.txt */; };
		13A7358C174CB63800A57375 /* mkdfa.pl.txt in Resources */ = {isa = PBXBuildFile; fileRef = 13A73544174CB63800A57375 /* mkdfa.pl.txt */; };
		13A7358D174CB63800A57375 /* mkgshmm.txt in Resources */ = {isa = PBXBuildFile; fileRef = 13A73545174CB63800A57375 /* mkgshmm.txt */; };
		13A7358E174CB63800A57375 /* mkss.txt in Resources */ = {isa = PBXBuildFile; fileRef = 13A73546174CB63800A57375 /* mkss.txt */; };
		13A7358F174CB63800A57375 /* nextword.txt in Resources */ = {isa = PBXBuildFile; fileRef = 13A73547174CB63800A57375 /* nextword.txt */; };
		13A73590174CB63800A57375 /* GPL_License in Resources */ = {isa = PBXBuildFile; fileRef = 13A73549174CB63800A57375 /* GPL_License */; };
		13A73591174CB63800A57375 /* sample.dfa in Resources */ = {isa = PBXBuildFile; fileRef = 13A7354B174CB63800A57375 /* sample.dfa */; };
		13A73592174CB63800A57375 /* sample.dict in Resources */ = {isa = PBXBuildFile; fileRef = 13A7354C174CB63800A57375 /* sample.dict */; };
		13A73593174CB63800A57375 /* sample.grammar in Resources */ = {isa = PBXBuildFile; fileRef = 13A7354D174CB63800A57375 /* sample.grammar */; };
		13A73594174CB63800A57375 /* sample.term in Resources */ = {isa = PBXBuildFile; fileRef = 13A7354E174CB63800A57375 /* sample.term */; };
		13A73595174CB63800A57375 /* sample.voca in Resources */ = {isa = PBXBuildFile; fileRef = 13A7354F174CB63800A57375 /* sample.voca */; };
		13A73596174CB63800A57375 /* GRAMMAR_NOTES in Resources */ = {isa = PBXBuildFile; fileRef = 13A73550174CB63800A57375 /* GRAMMAR_NOTES */; };
		13A73597174CB63800A57375 /* julius.exe in Resources */ = {isa = PBXBuildFile; fileRef = 13A73551174CB63800A57375 /* julius.exe */; };
		13A73598174CB63800A57375 /* 00readme-ja.txt in Resources */ = {isa = PBXBuildFile; fileRef = 13A73553174CB63800A57375 /* 00readme-ja.txt */; };
		13A73599174CB63800A57375 /* 00readme-julius-ja.txt in Resources */ = {isa = PBXBuildFile; fileRef = 13A73554174CB63800A57375 /* 00readme-julius-ja.txt */; };
		13A7359A174CB63800A57375 /* 00readme-julius.txt in Resources */ = {isa = PBXBuildFile; fileRef = 13A73555174CB63800A57375 /* 00readme-julius.txt */; };
		13A7359B174CB63800A57375 /* 00readme.txt in Resources */ = {isa = PBXBuildFile; fileRef = 13A73556174CB63800A57375 /* 00readme.txt */; };
		13A7359C174CB63800A57375 /* LICENSE.txt in Resources */ = {isa = PBXBuildFile; fileRef = 13A73557174CB63800A57375 /* LICENSE.txt */; };
		13A7359D174CB63800A57375 /* Release-ja.txt in Resources */ = {isa = PBXBuildFile; fileRef = 13A73558174CB63800A57375 /* Release-ja.txt */; };
		13A7359E174CB63800A57375 /* Release.txt in Resources */ = {isa = PBXBuildFile; fileRef = 13A73559174CB63800A57375 /* Release.txt */; };
		13A7359F174CB63800A57375 /* LICENSE in Resources */ = {isa = PBXBuildFile; fileRef = 13A7355A174CB63800A57375 /* LICENSE */; };
		13A735A0174CB63800A57375 /* README in Resources */ = {isa = PBXBuildFile; fileRef = 13A7355B174CB63800A57375 /* README */; };
		13A735A1174CB63800A57375 /* Sample.jconf in Resources */ = {isa = PBXBuildFile; fileRef = 13A7355C174CB63800A57375 /* Sample.jconf */; };
		13A80BE1174C5D8D00B22FB8 /* phone_model_ios in Resources */ = {isa = PBXBuildFile; fileRef = 13A80BE0174C5D8D00B22FB8 /* phone_model_ios */; };
		13A80BE3174C5E0300B22FB8 /* tiedlist in Resources */ = {isa = PBXBuildFile; fileRef = 13A80BE2174C5E0300B22FB8 /* tiedlist */; };
		13A80BE6174C5ED800B22FB8 /* sample.dfa in Resources */ = {isa = PBXBuildFile; fileRef = 13A80BE4174C5ED800B22FB8 /* sample.dfa */; };
		13A80BE7174C5ED800B22FB8 /* sample.htkdic in Resources */ = {isa = PBXBuildFile; fileRef = 13A80BE5174C5ED800B22FB8 /* sample.htkdic */; };
		13A80BEB174C6A6100B22FB8 /* sample.grammar in Resources */ = {isa = PBXBuildFile; fileRef = 13A80BE8174C6A6100B22FB8 /* sample.grammar */; };
		13A80BEC174C6A6100B22FB8 /* sample.term in Resources */ = {isa = PBXBuildFile; fileRef = 13A80BE9174C6A6100B22FB8 /* sample.term */; };
		13A80BED174C6A6100B22FB8 /* sample.voca in Resources */ = {isa = PBXBuildFile; fileRef = 13A80BEA174C6A6100B22FB8 /* sample.voca */; };
		13A80C02174C99F200B22FB8 /* 00readme-ja.txt in Resources */ = {isa = PBXBuildFile; fileRef = 13A80BF4174C99F200B22FB8 /* 00readme-ja.txt */; };
		13A80C03174C99F200B22FB8 /* 00readme.txt in Resources */ = {isa = PBXBuildFile; fileRef = 13A80BF5174C99F200B22FB8 /* 00readme.txt */; };
		13A80C04174C99F200B22FB8 /* 00readme-ja.txt in Resources */ = {isa = PBXBuildFile; fileRef = 13A80BF7174C99F200B22FB8 /* 00readme-ja.txt */; };
		13A80C05174C99F200B22FB8 /* 00readme.txt in Resources */ = {isa = PBXBuildFile; fileRef = 13A80BF8174C99F200B22FB8 /* 00readme.txt */; };
		13A80C06174C99F200B22FB8 /* sample.trans.align in Resources */ = {isa = PBXBuildFile; fileRef = 13A80BFA174C99F200B22FB8 /* sample.trans.align */; };
		13A80C07174C99F200B22FB8 /* sample.trans.log in Resources */ = {isa = PBXBuildFile; fileRef = 13A80BFB174C99F200B22FB8 /* sample.trans.log */; };
		13A80C08174C99F200B22FB8 /* sample.trans_line.align in Resources */ = {isa = PBXBuildFile; fileRef = 13A80BFC174C99F200B22FB8 /* sample.trans_line.align */; };
		13A80C09174C99F200B22FB8 /* sample.trans_line.log in Resources */ = {isa = PBXBuildFile; fileRef = 13A80BFD174C99F200B22FB8 /* sample.trans_line.log */; };
		13A80C0A174C99F200B22FB8 /* sample.trans in Resources */ = {isa = PBXBuildFile; fileRef = 13A80BFE174C99F200B22FB8 /* sample.trans */; };
		13A80C0B174C99F200B22FB8 /* sample.trans_line in Resources */ = {isa = PBXBuildFile; fileRef = 13A80BFF174C99F200B22FB8 /* sample.trans_line */; };
		13A80C0C174C99F200B22FB8 /* sample.wav in Resources */ = {isa = PBXBuildFile; fileRef = 13A80C00174C99F200B22FB8 /* sample.wav */; };
		13A80C0D174C99F200B22FB8 /* segment_julius4.pl in Resources */ = {isa = PBXBuildFile; fileRef = 13A80C01174C99F200B22FB8 /* segment_julius4.pl */; };
		13A80C29174CAB5900B22FB8 /* config in Resources */ = {isa = PBXBuildFile; fileRef = 13A80C1D174CAB5900B22FB8 /* config */; };
		13A80C2A174CAB5900B22FB8 /* dict in Resources */ = {isa = PBXBuildFile; fileRef = 13A80C1E174CAB5900B22FB8 /* dict */; };
		13A80C2B174CAB5900B22FB8 /* GPL_license.txt in Resources */ = {isa = PBXBuildFile; fileRef = 13A80C20174CAB5900B22FB8 /* GPL_license.txt */; };
		13A80C2C174CAB5900B22FB8 /* hmmdefs in Resources */ = {isa = PBXBuildFile; fileRef = 13A80C21174CAB5900B22FB8 /* hmmdefs */; };
		13A80C2D174CAB5900B22FB8 /* LICENSE in Resources */ = {isa = PBXBuildFile; fileRef = 13A80C22174CAB5900B22FB8 /* LICENSE */; };
		13A80C2E174CAB5900B22FB8 /* macros in Resources */ = {isa = PBXBuildFile; fileRef = 13A80C23174CAB5900B22FB8 /* macros */; };
		13A80C2F174CAB5900B22FB8 /* master_prompts in Resources */ = {isa = PBXBuildFile; fileRef = 13A80C24174CAB5900B22FB8 /* master_prompts */; };
		13A80C30174CAB5900B22FB8 /* stats in Resources */ = {isa = PBXBuildFile; fileRef = 13A80C25174CAB5900B22FB8 /* stats */; };
		13A80C31174CAB5900B22FB8 /* TestResults in Resources */ = {isa = PBXBuildFile; fileRef = 13A80C26174CAB5900B22FB8 /* TestResults */; };
		13A80C32174CAB5900B22FB8 /* tiedlist in Resources */ = {isa = PBXBuildFile; fileRef = 13A80C27174CAB5900B22FB8 /* tiedlist */; };
		13A80C33174CAB5900B22FB8 /* wav_config in Resources */ = {isa = PBXBuildFile; fileRef = 13A80C28174CAB5900B22FB8 /* wav_config */; };
		13C5372212E1F9FB0071E4ED /* AVFoundation.framework in Frameworks */ = {isa = PBXBuildFile; fileRef = 13C5372112E1F9FB0071E4ED /* AVFoundation.framework */; };
		13C5372912E1FA070071E4ED /* CoreAudio.framework in Frameworks */ = {isa = PBXBuildFile; fileRef = 13C5372812E1FA070071E4ED /* CoreAudio.framework */; };
		13C5373F12E1FA910071E4ED /* Julius.m in Sources */ = {isa = PBXBuildFile; fileRef = 13C5373E12E1FA910071E4ED /* Julius.m */; };
		13C537A812E1FFEA0071E4ED /* MBProgressHUD.m in Sources */ = {isa = PBXBuildFile; fileRef = 13C5378E12E1FFEA0071E4ED /* MBProgressHUD.m */; };
		13C537A912E1FFEA0071E4ED /* README.mdown in Resources */ = {isa = PBXBuildFile; fileRef = 13C5378F12E1FFEA0071E4ED /* README.mdown */; };
		13D3FE10174A002600A5EF7F /* README.textile in Resources */ = {isa = PBXBuildFile; fileRef = 13D3FE0F174A002600A5EF7F /* README.textile */; };
		13D3FE1D174A106500A5EF7F /* RIOInterface.mm in Sources */ = {isa = PBXBuildFile; fileRef = 13D3FE1C174A106400A5EF7F /* RIOInterface.mm */; };
		13D3FE28174A221800A5EF7F /* CAXException.cpp in Sources */ = {isa = PBXBuildFile; fileRef = 13D3FE26174A221800A5EF7F /* CAXException.cpp */; };
		13D3FE2B174A26A300A5EF7F /* AudioToolbox.framework in Frameworks */ = {isa = PBXBuildFile; fileRef = 13D3FE2A174A26A300A5EF7F /* AudioToolbox.framework */; };
		1D3623260D0F684500981E51 /* JuliusSampleAppDelegate.m in Sources */ = {isa = PBXBuildFile; fileRef = 1D3623250D0F684500981E51 /* JuliusSampleAppDelegate.m */; };
		1D60589B0D05DD56006BFB54 /* main.m in Sources */ = {isa = PBXBuildFile; fileRef = 29B97316FDCFA39411CA2CEA /* main.m */; };
		1D60589F0D05DD5A006BFB54 /* Foundation.framework in Frameworks */ = {isa = PBXBuildFile; fileRef = 1D30AB110D05D00D00671497 /* Foundation.framework */; };
		1DF5F4E00D08C38300B7A737 /* UIKit.framework in Frameworks */ = {isa = PBXBuildFile; fileRef = 1DF5F4DF0D08C38300B7A737 /* UIKit.framework */; };
		288765A50DF7441C002DB57D /* CoreGraphics.framework in Frameworks */ = {isa = PBXBuildFile; fileRef = 288765A40DF7441C002DB57D /* CoreGraphics.framework */; };
		2899E5220DE3E06400AC0155 /* JuliusSampleViewController.xib in Resources */ = {isa = PBXBuildFile; fileRef = 2899E5210DE3E06400AC0155 /* JuliusSampleViewController.xib */; };
		28AD733F0D9D9553002E5188 /* MainWindow.xib in Resources */ = {isa = PBXBuildFile; fileRef = 28AD733E0D9D9553002E5188 /* MainWindow.xib */; };
		28D7ACF80DDB3853001CB0EB /* JuliusSampleViewController.m in Sources */ = {isa = PBXBuildFile; fileRef = 28D7ACF70DDB3853001CB0EB /* JuliusSampleViewController.m */; };
/* End PBXBuildFile section */

/* Begin PBXContainerItemProxy section */
		13684FD612E0AC2300FBF870 /* PBXContainerItemProxy */ = {
			isa = PBXContainerItemProxy;
			containerPortal = 13684FD212E0AC2300FBF870 /* julius.xcodeproj */;
			proxyType = 2;
			remoteGlobalIDString = D2AAC07E0554694100DB518D;
			remoteInfo = julius;
		};
/* End PBXContainerItemProxy section */

/* Begin PBXFileReference section */
		130F837412E33E9000488D19 /* fast.jconf */ = {isa = PBXFileReference; fileEncoding = 4; lastKnownFileType = text; path = fast.jconf; sourceTree = "<group>"; };
		13684FCA12E0AC0D00FBF870 /* libz.dylib */ = {isa = PBXFileReference; lastKnownFileType = "compiled.mach-o.dylib"; name = libz.dylib; path = usr/lib/libz.dylib; sourceTree = SDKROOT; };
		13684FD212E0AC2300FBF870 /* julius.xcodeproj */ = {isa = PBXFileReference; lastKnownFileType = "wrapper.pb-project"; name = julius.xcodeproj; path = ../julius/julius.xcodeproj; sourceTree = SOURCE_ROOT; };
		13684FEA12E0AC9900FBF870 /* light.jconf */ = {isa = PBXFileReference; fileEncoding = 4; lastKnownFileType = text; path = light.jconf; sourceTree = "<group>"; };
		13A73512174CB63800A57375 /* hmmdefs */ = {isa = PBXFileReference; fileEncoding = 4; lastKnownFileType = text; path = hmmdefs; sourceTree = "<group>"; };
		13A73513174CB63800A57375 /* macros */ = {isa = PBXFileReference; fileEncoding = 4; lastKnownFileType = text; path = macros; sourceTree = "<group>"; };
		13A73514174CB63800A57375 /* tiedlist */ = {isa = PBXFileReference; fileEncoding = 4; lastKnownFileType = text; path = tiedlist; sourceTree = "<group>"; };
		13A73516174CB63800A57375 /* accept_check.exe */ = {isa = PBXFileReference; lastKnownFileType = file; path = accept_check.exe; sourceTree = "<group>"; };
		13A73517174CB63800A57375 /* adinrec.exe */ = {isa = PBXFileReference; lastKnownFileType = file; path = adinrec.exe; sourceTree = "<group>"; };
		13A73518174CB63800A57375 /* adintool.exe */ = {isa = PBXFileReference; lastKnownFileType = file; path = adintool.exe; sourceTree = "<group>"; };
		13A73519174CB63800A57375 /* dfa_determinize.exe */ = {isa = PBXFileReference; lastKnownFileType = file; path = dfa_determinize.exe; sourceTree = "<group>"; };
		13A7351A174CB63800A57375 /* dfa_minimize.exe */ = {isa = PBXFileReference; lastKnownFileType = file; path = dfa_minimize.exe; sourceTree = "<group>"; };
		13A7351B174CB63800A57375 /* generate-ngram.exe */ = {isa = PBXFileReference; lastKnownFileType = file; path = "generate-ngram.exe"; sourceTree = "<group>"; };
		13A7351C174CB63800A57375 /* generate.exe */ = {isa = PBXFileReference; lastKnownFileType = file; path = generate.exe; sourceTree = "<group>"; };
		13A7351D174CB63800A57375 /* gram2sapixml.pl */ = {isa = PBXFileReference; fileEncoding = 4; lastKnownFileType = text.script.perl; path = gram2sapixml.pl; sourceTree = "<group>"; };
		13A7351E174CB63800A57375 /* jclient.pl */ = {isa = PBXFileReference; fileEncoding = 4; lastKnownFileType = text.script.perl; path = jclient.pl; sourceTree = "<group>"; };
		13A7351F174CB63800A57375 /* jcontrol.exe */ = {isa = PBXFileReference; lastKnownFileType = file; path = jcontrol.exe; sourceTree = "<group>"; };
		13A73520174CB63800A57375 /* julius-4.2-decoder-vad.exe */ = {isa = PBXFileReference; lastKnownFileType = file; path = "julius-4.2-decoder-vad.exe"; sourceTree = "<group>"; };
		13A73521174CB63800A57375 /* julius-4.2-gmm-vad.exe */ = {isa = PBXFileReference; lastKnownFileType = file; path = "julius-4.2-gmm-vad.exe"; sourceTree = "<group>"; };
		13A73522174CB63800A57375 /* julius-4.2-std.exe */ = {isa = PBXFileReference; lastKnownFileType = file; path = "julius-4.2-std.exe"; sourceTree = "<group>"; };
		13A73523174CB63800A57375 /* julius-4.2.exe */ = {isa = PBXFileReference; lastKnownFileType = file; path = "julius-4.2.exe"; sourceTree = "<group>"; };
		13A73524174CB63800A57375 /* julius.exe */ = {isa = PBXFileReference; lastKnownFileType = file; path = julius.exe; sourceTree = "<group>"; };
		13A73525174CB63800A57375 /* libjulius-config */ = {isa = PBXFileReference; fileEncoding = 4; lastKnownFileType = text.script.sh; path = "libjulius-config"; sourceTree = "<group>"; };
		13A73526174CB63800A57375 /* libsent-config */ = {isa = PBXFileReference; fileEncoding = 4; lastKnownFileType = text.script.sh; path = "libsent-config"; sourceTree = "<group>"; };
		13A73527174CB63800A57375 /* mkbingram.exe */ = {isa = PBXFileReference; lastKnownFileType = file; path = mkbingram.exe; sourceTree = "<group>"; };
		13A73528174CB63800A57375 /* mkbinhmm.exe */ = {isa = PBXFileReference; lastKnownFileType = file; path = mkbinhmm.exe; sourceTree = "<group>"; };
		13A73529174CB63800A57375 /* mkbinhmmlist.exe */ = {isa = PBXFileReference; lastKnownFileType = file; path = mkbinhmmlist.exe; sourceTree = "<group>"; };
		13A7352A174CB63800A57375 /* mkdfa.pl */ = {isa = PBXFileReference; fileEncoding = 4; lastKnownFileType = text.script.perl; path = mkdfa.pl; sourceTree = "<group>"; };
		13A7352B174CB63800A57375 /* mkfa.exe */ = {isa = PBXFileReference; lastKnownFileType = file; path = mkfa.exe; sourceTree = "<group>"; };
		13A7352C174CB63800A57375 /* mkgshmm */ = {isa = PBXFileReference; fileEncoding = 4; lastKnownFileType = text.script.perl; path = mkgshmm; sourceTree = "<group>"; };
		13A7352D174CB63800A57375 /* mkss.exe */ = {isa = PBXFileReference; lastKnownFileType = file; path = mkss.exe; sourceTree = "<group>"; };
		13A7352E174CB63800A57375 /* neighbors.grammar */ = {isa = PBXFileReference; fileEncoding = 4; lastKnownFileType = text; path = neighbors.grammar; sourceTree = "<group>"; };
		13A7352F174CB63800A57375 /* neighbors.term */ = {isa = PBXFileReference; fileEncoding = 4; lastKnownFileType = text; path = neighbors.term; sourceTree = "<group>"; };
		13A73530174CB63800A57375 /* neighbors.voca */ = {isa = PBXFileReference; fileEncoding = 4; lastKnownFileType = text; path = neighbors.voca; sourceTree = "<group>"; };
		13A73531174CB63800A57375 /* nextword.exe */ = {isa = PBXFileReference; lastKnownFileType = file; path = nextword.exe; sourceTree = "<group>"; };
		13A73532174CB63800A57375 /* yomi2voca.pl */ = {isa = PBXFileReference; fileEncoding = 4; lastKnownFileType = text.script.perl; path = yomi2voca.pl; sourceTree = "<group>"; };
		13A73534174CB63800A57375 /* Juliusbook-4.1.5.pdf */ = {isa = PBXFileReference; lastKnownFileType = image.pdf; path = "Juliusbook-4.1.5.pdf"; sourceTree = "<group>"; };
		13A73536174CB63800A57375 /* accept_check.txt */ = {isa = PBXFileReference; fileEncoding = 4; lastKnownFileType = text; path = accept_check.txt; sourceTree = "<group>"; };
		13A73537174CB63800A57375 /* adinrec.txt */ = {isa = PBXFileReference; fileEncoding = 4; lastKnownFileType = text; path = adinrec.txt; sourceTree = "<group>"; };
		13A73538174CB63800A57375 /* adintool.txt */ = {isa = PBXFileReference; fileEncoding = 4; lastKnownFileType = text; path = adintool.txt; sourceTree = "<group>"; };
		13A73539174CB63800A57375 /* dfa_determinize.txt */ = {isa = PBXFileReference; fileEncoding = 4; lastKnownFileType = text; path = dfa_determinize.txt; sourceTree = "<group>"; };
		13A7353A174CB63800A57375 /* dfa_minimize.txt */ = {isa = PBXFileReference; fileEncoding = 4; lastKnownFileType = text; path = dfa_minimize.txt; sourceTree = "<group>"; };
		13A7353B174CB63800A57375 /* generate-ngram.txt */ = {isa = PBXFileReference; fileEncoding = 4; lastKnownFileType = text; path = "generate-ngram.txt"; sourceTree = "<group>"; };
		13A7353C174CB63800A57375 /* generate.txt */ = {isa = PBXFileReference; fileEncoding = 4; lastKnownFileType = text; path = generate.txt; sourceTree = "<group>"; };
		13A7353D174CB63800A57375 /* gram2sapixml.pl.txt */ = {isa = PBXFileReference; fileEncoding = 4; lastKnownFileType = text; path = gram2sapixml.pl.txt; sourceTree = "<group>"; };
		13A7353E174CB63800A57375 /* jclient.pl.txt */ = {isa = PBXFileReference; fileEncoding = 4; lastKnownFileType = text; path = jclient.pl.txt; sourceTree = "<group>"; };
		13A7353F174CB63800A57375 /* jcontrol.txt */ = {isa = PBXFileReference; fileEncoding = 4; lastKnownFileType = text; path = jcontrol.txt; sourceTree = "<group>"; };
		13A73540174CB63800A57375 /* julius.txt */ = {isa = PBXFileReference; fileEncoding = 4; lastKnownFileType = text; path = julius.txt; sourceTree = "<group>"; };
		13A73541174CB63800A57375 /* mkbingram.txt */ = {isa = PBXFileReference; fileEncoding = 4; lastKnownFileType = text; path = mkbingram.txt; sourceTree = "<group>"; };
		13A73542174CB63800A57375 /* mkbinhmm.txt */ = {isa = PBXFileReference; fileEncoding = 4; lastKnownFileType = text; path = mkbinhmm.txt; sourceTree = "<group>"; };
		13A73543174CB63800A57375 /* mkbinhmmlist.txt */ = {isa = PBXFileReference; fileEncoding = 4; lastKnownFileType = text; path = mkbinhmmlist.txt; sourceTree = "<group>"; };
		13A73544174CB63800A57375 /* mkdfa.pl.txt */ = {isa = PBXFileReference; fileEncoding = 4; lastKnownFileType = text; path = mkdfa.pl.txt; sourceTree = "<group>"; };
		13A73545174CB63800A57375 /* mkgshmm.txt */ = {isa = PBXFileReference; fileEncoding = 4; lastKnownFileType = text; path = mkgshmm.txt; sourceTree = "<group>"; };
		13A73546174CB63800A57375 /* mkss.txt */ = {isa = PBXFileReference; fileEncoding = 4; lastKnownFileType = text; path = mkss.txt; sourceTree = "<group>"; };
		13A73547174CB63800A57375 /* nextword.txt */ = {isa = PBXFileReference; fileEncoding = 4; lastKnownFileType = text; path = nextword.txt; sourceTree = "<group>"; };
		13A73549174CB63800A57375 /* GPL_License */ = {isa = PBXFileReference; fileEncoding = 4; lastKnownFileType = text; path = GPL_License; sourceTree = "<group>"; };
		13A7354B174CB63800A57375 /* sample.dfa */ = {isa = PBXFileReference; fileEncoding = 4; lastKnownFileType = text; path = sample.dfa; sourceTree = "<group>"; };
		13A7354C174CB63800A57375 /* sample.dict */ = {isa = PBXFileReference; lastKnownFileType = text.plist; path = sample.dict; sourceTree = "<group>"; };
		13A7354D174CB63800A57375 /* sample.grammar */ = {isa = PBXFileReference; fileEncoding = 4; lastKnownFileType = text; path = sample.grammar; sourceTree = "<group>"; };
		13A7354E174CB63800A57375 /* sample.term */ = {isa = PBXFileReference; fileEncoding = 4; lastKnownFileType = text; path = sample.term; sourceTree = "<group>"; };
		13A7354F174CB63800A57375 /* sample.voca */ = {isa = PBXFileReference; fileEncoding = 4; lastKnownFileType = text; path = sample.voca; sourceTree = "<group>"; };
		13A73550174CB63800A57375 /* GRAMMAR_NOTES */ = {isa = PBXFileReference; fileEncoding = 4; lastKnownFileType = text; path = GRAMMAR_NOTES; sourceTree = "<group>"; };
		13A73551174CB63800A57375 /* julius.exe */ = {isa = PBXFileReference; lastKnownFileType = file; path = julius.exe; sourceTree = "<group>"; };
		13A73553174CB63800A57375 /* 00readme-ja.txt */ = {isa = PBXFileReference; fileEncoding = 4; lastKnownFileType = text; path = "00readme-ja.txt"; sourceTree = "<group>"; };
		13A73554174CB63800A57375 /* 00readme-julius-ja.txt */ = {isa = PBXFileReference; fileEncoding = 4; lastKnownFileType = text; path = "00readme-julius-ja.txt"; sourceTree = "<group>"; };
		13A73555174CB63800A57375 /* 00readme-julius.txt */ = {isa = PBXFileReference; fileEncoding = 4; lastKnownFileType = text; path = "00readme-julius.txt"; sourceTree = "<group>"; };
		13A73556174CB63800A57375 /* 00readme.txt */ = {isa = PBXFileReference; fileEncoding = 4; lastKnownFileType = text; path = 00readme.txt; sourceTree = "<group>"; };
		13A73557174CB63800A57375 /* LICENSE.txt */ = {isa = PBXFileReference; fileEncoding = 4; lastKnownFileType = text; path = LICENSE.txt; sourceTree = "<group>"; };
		13A73558174CB63800A57375 /* Release-ja.txt */ = {isa = PBXFileReference; fileEncoding = 4; lastKnownFileType = text; path = "Release-ja.txt"; sourceTree = "<group>"; };
		13A73559174CB63800A57375 /* Release.txt */ = {isa = PBXFileReference; fileEncoding = 4; lastKnownFileType = text; path = Release.txt; sourceTree = "<group>"; };
		13A7355A174CB63800A57375 /* LICENSE */ = {isa = PBXFileReference; fileEncoding = 4; lastKnownFileType = text; path = LICENSE; sourceTree = "<group>"; };
		13A7355B174CB63800A57375 /* README */ = {isa = PBXFileReference; fileEncoding = 4; lastKnownFileType = text; path = README; sourceTree = "<group>"; };
		13A7355C174CB63800A57375 /* Sample.jconf */ = {isa = PBXFileReference; fileEncoding = 4; lastKnownFileType = text; path = Sample.jconf; sourceTree = "<group>"; };
		13A80BE0174C5D8D00B22FB8 /* phone_model_ios */ = {isa = PBXFileReference; lastKnownFileType = file; path = phone_model_ios; sourceTree = "<group>"; };
		13A80BE2174C5E0300B22FB8 /* tiedlist */ = {isa = PBXFileReference; fileEncoding = 4; lastKnownFileType = text; path = tiedlist; sourceTree = "<group>"; };
		13A80BE4174C5ED800B22FB8 /* sample.dfa */ = {isa = PBXFileReference; fileEncoding = 4; lastKnownFileType = text; path = sample.dfa; sourceTree = "<group>"; };
		13A80BE5174C5ED800B22FB8 /* sample.htkdic */ = {isa = PBXFileReference; lastKnownFileType = text; path = sample.htkdic; sourceTree = "<group>"; };
		13A80BE8174C6A6100B22FB8 /* sample.grammar */ = {isa = PBXFileReference; fileEncoding = 4; lastKnownFileType = text; path = sample.grammar; sourceTree = "<group>"; };
		13A80BE9174C6A6100B22FB8 /* sample.term */ = {isa = PBXFileReference; fileEncoding = 4; lastKnownFileType = text; path = sample.term; sourceTree = "<group>"; };
		13A80BEA174C6A6100B22FB8 /* sample.voca */ = {isa = PBXFileReference; fileEncoding = 4; lastKnownFileType = text; path = sample.voca; sourceTree = "<group>"; };
		13A80BF4174C99F200B22FB8 /* 00readme-ja.txt */ = {isa = PBXFileReference; fileEncoding = 4; lastKnownFileType = text; path = "00readme-ja.txt"; sourceTree = "<group>"; };
		13A80BF5174C99F200B22FB8 /* 00readme.txt */ = {isa = PBXFileReference; fileEncoding = 4; lastKnownFileType = text; path = 00readme.txt; sourceTree = "<group>"; };
		13A80BF7174C99F200B22FB8 /* 00readme-ja.txt */ = {isa = PBXFileReference; fileEncoding = 4; lastKnownFileType = text; path = "00readme-ja.txt"; sourceTree = "<group>"; };
		13A80BF8174C99F200B22FB8 /* 00readme.txt */ = {isa = PBXFileReference; fileEncoding = 4; lastKnownFileType = text; path = 00readme.txt; sourceTree = "<group>"; };
		13A80BFA174C99F200B22FB8 /* sample.trans.align */ = {isa = PBXFileReference; fileEncoding = 4; lastKnownFileType = text; path = sample.trans.align; sourceTree = "<group>"; };
		13A80BFB174C99F200B22FB8 /* sample.trans.log */ = {isa = PBXFileReference; fileEncoding = 4; lastKnownFileType = text; path = sample.trans.log; sourceTree = "<group>"; };
		13A80BFC174C99F200B22FB8 /* sample.trans_line.align */ = {isa = PBXFileReference; fileEncoding = 4; lastKnownFileType = text; path = sample.trans_line.align; sourceTree = "<group>"; };
		13A80BFD174C99F200B22FB8 /* sample.trans_line.log */ = {isa = PBXFileReference; fileEncoding = 4; lastKnownFileType = text; path = sample.trans_line.log; sourceTree = "<group>"; };
		13A80BFE174C99F200B22FB8 /* sample.trans */ = {isa = PBXFileReference; fileEncoding = 4; lastKnownFileType = text; path = sample.trans; sourceTree = "<group>"; };
		13A80BFF174C99F200B22FB8 /* sample.trans_line */ = {isa = PBXFileReference; fileEncoding = 4; lastKnownFileType = text; path = sample.trans_line; sourceTree = "<group>"; };
		13A80C00174C99F200B22FB8 /* sample.wav */ = {isa = PBXFileReference; lastKnownFileType = audio.wav; path = sample.wav; sourceTree = "<group>"; };
		13A80C01174C99F200B22FB8 /* segment_julius4.pl */ = {isa = PBXFileReference; fileEncoding = 4; lastKnownFileType = text.script.perl; path = segment_julius4.pl; sourceTree = "<group>"; };
		13A80C1D174CAB5900B22FB8 /* config */ = {isa = PBXFileReference; fileEncoding = 4; lastKnownFileType = text; path = config; sourceTree = "<group>"; };
		13A80C1E174CAB5900B22FB8 /* dict */ = {isa = PBXFileReference; fileEncoding = 4; lastKnownFileType = text; path = dict; sourceTree = "<group>"; };
		13A80C20174CAB5900B22FB8 /* GPL_license.txt */ = {isa = PBXFileReference; fileEncoding = 4; lastKnownFileType = text; path = GPL_license.txt; sourceTree = "<group>"; };
		13A80C21174CAB5900B22FB8 /* hmmdefs */ = {isa = PBXFileReference; fileEncoding = 4; lastKnownFileType = text; path = hmmdefs; sourceTree = "<group>"; };
		13A80C22174CAB5900B22FB8 /* LICENSE */ = {isa = PBXFileReference; fileEncoding = 4; lastKnownFileType = text; path = LICENSE; sourceTree = "<group>"; };
		13A80C23174CAB5900B22FB8 /* macros */ = {isa = PBXFileReference; fileEncoding = 4; lastKnownFileType = text; path = macros; sourceTree = "<group>"; };
		13A80C24174CAB5900B22FB8 /* master_prompts */ = {isa = PBXFileReference; fileEncoding = 4; lastKnownFileType = text; path = master_prompts; sourceTree = "<group>"; };
		13A80C25174CAB5900B22FB8 /* stats */ = {isa = PBXFileReference; fileEncoding = 4; lastKnownFileType = text; path = stats; sourceTree = "<group>"; };
		13A80C26174CAB5900B22FB8 /* TestResults */ = {isa = PBXFileReference; fileEncoding = 4; lastKnownFileType = text; path = TestResults; sourceTree = "<group>"; };
		13A80C27174CAB5900B22FB8 /* tiedlist */ = {isa = PBXFileReference; fileEncoding = 4; lastKnownFileType = text; path = tiedlist; sourceTree = "<group>"; };
		13A80C28174CAB5900B22FB8 /* wav_config */ = {isa = PBXFileReference; fileEncoding = 4; lastKnownFileType = text; path = wav_config; sourceTree = "<group>"; };
		13C5372112E1F9FB0071E4ED /* AVFoundation.framework */ = {isa = PBXFileReference; lastKnownFileType = wrapper.framework; name = AVFoundation.framework; path = System/Library/Frameworks/AVFoundation.framework; sourceTree = SDKROOT; };
		13C5372812E1FA070071E4ED /* CoreAudio.framework */ = {isa = PBXFileReference; lastKnownFileType = wrapper.framework; name = CoreAudio.framework; path = System/Library/Frameworks/CoreAudio.framework; sourceTree = SDKROOT; };
		13C5373D12E1FA910071E4ED /* Julius.h */ = {isa = PBXFileReference; fileEncoding = 4; lastKnownFileType = sourcecode.c.h; path = Julius.h; sourceTree = "<group>"; };
		13C5373E12E1FA910071E4ED /* Julius.m */ = {isa = PBXFileReference; fileEncoding = 4; lastKnownFileType = sourcecode.c.objc; path = Julius.m; sourceTree = "<group>"; };
		13C5378D12E1FFEA0071E4ED /* MBProgressHUD.h */ = {isa = PBXFileReference; fileEncoding = 4; lastKnownFileType = sourcecode.c.h; path = MBProgressHUD.h; sourceTree = "<group>"; };
		13C5378E12E1FFEA0071E4ED /* MBProgressHUD.m */ = {isa = PBXFileReference; fileEncoding = 4; lastKnownFileType = sourcecode.c.objc; path = MBProgressHUD.m; sourceTree = "<group>"; };
		13C5378F12E1FFEA0071E4ED /* README.mdown */ = {isa = PBXFileReference; fileEncoding = 4; lastKnownFileType = text; path = README.mdown; sourceTree = "<group>"; };
		13D3FE0F174A002600A5EF7F /* README.textile */ = {isa = PBXFileReference; fileEncoding = 4; lastKnownFileType = text; name = README.textile; path = ../README.textile; sourceTree = "<group>"; };
		13D3FE19174A103200A5EF7F /* RIOInterface.h */ = {isa = PBXFileReference; fileEncoding = 4; lastKnownFileType = sourcecode.c.h; path = RIOInterface.h; sourceTree = "<group>"; };
		13D3FE1C174A106400A5EF7F /* RIOInterface.mm */ = {isa = PBXFileReference; fileEncoding = 4; lastKnownFileType = sourcecode.cpp.objcpp; path = RIOInterface.mm; sourceTree = "<group>"; };
		13D3FE24174A221800A5EF7F /* CADebugMacros.h */ = {isa = PBXFileReference; fileEncoding = 4; lastKnownFileType = sourcecode.c.h; path = CADebugMacros.h; sourceTree = "<group>"; };
		13D3FE25174A221800A5EF7F /* CAStreamBasicDescription.h */ = {isa = PBXFileReference; fileEncoding = 4; lastKnownFileType = sourcecode.c.h; path = CAStreamBasicDescription.h; sourceTree = "<group>"; };
		13D3FE26174A221800A5EF7F /* CAXException.cpp */ = {isa = PBXFileReference; fileEncoding = 4; lastKnownFileType = sourcecode.cpp.cpp; path = CAXException.cpp; sourceTree = "<group>"; };
		13D3FE27174A221800A5EF7F /* CAXException.h */ = {isa = PBXFileReference; fileEncoding = 4; lastKnownFileType = sourcecode.c.h; path = CAXException.h; sourceTree = "<group>"; };
		13D3FE2A174A26A300A5EF7F /* AudioToolbox.framework */ = {isa = PBXFileReference; lastKnownFileType = wrapper.framework; name = AudioToolbox.framework; path = System/Library/Frameworks/AudioToolbox.framework; sourceTree = SDKROOT; };
		1D30AB110D05D00D00671497 /* Foundation.framework */ = {isa = PBXFileReference; lastKnownFileType = wrapper.framework; name = Foundation.framework; path = System/Library/Frameworks/Foundation.framework; sourceTree = SDKROOT; };
		1D3623240D0F684500981E51 /* JuliusSampleAppDelegate.h */ = {isa = PBXFileReference; fileEncoding = 4; lastKnownFileType = sourcecode.c.h; path = JuliusSampleAppDelegate.h; sourceTree = "<group>"; };
		1D3623250D0F684500981E51 /* JuliusSampleAppDelegate.m */ = {isa = PBXFileReference; fileEncoding = 4; lastKnownFileType = sourcecode.c.objc; path = JuliusSampleAppDelegate.m; sourceTree = "<group>"; };
		1D6058910D05DD3D006BFB54 /* JuliusSample.app */ = {isa = PBXFileReference; explicitFileType = wrapper.application; includeInIndex = 0; path = JuliusSample.app; sourceTree = BUILT_PRODUCTS_DIR; };
		1DF5F4DF0D08C38300B7A737 /* UIKit.framework */ = {isa = PBXFileReference; lastKnownFileType = wrapper.framework; name = UIKit.framework; path = System/Library/Frameworks/UIKit.framework; sourceTree = SDKROOT; };
		288765A40DF7441C002DB57D /* CoreGraphics.framework */ = {isa = PBXFileReference; lastKnownFileType = wrapper.framework; name = CoreGraphics.framework; path = System/Library/Frameworks/CoreGraphics.framework; sourceTree = SDKROOT; };
		2899E5210DE3E06400AC0155 /* JuliusSampleViewController.xib */ = {isa = PBXFileReference; lastKnownFileType = file.xib; path = JuliusSampleViewController.xib; sourceTree = "<group>"; };
		28AD733E0D9D9553002E5188 /* MainWindow.xib */ = {isa = PBXFileReference; lastKnownFileType = file.xib; path = MainWindow.xib; sourceTree = "<group>"; };
		28D7ACF60DDB3853001CB0EB /* JuliusSampleViewController.h */ = {isa = PBXFileReference; fileEncoding = 4; lastKnownFileType = sourcecode.c.h; path = JuliusSampleViewController.h; sourceTree = "<group>"; };
		28D7ACF70DDB3853001CB0EB /* JuliusSampleViewController.m */ = {isa = PBXFileReference; fileEncoding = 4; lastKnownFileType = sourcecode.c.objc; path = JuliusSampleViewController.m; sourceTree = "<group>"; };
		29B97316FDCFA39411CA2CEA /* main.m */ = {isa = PBXFileReference; fileEncoding = 4; lastKnownFileType = sourcecode.c.objc; path = main.m; sourceTree = "<group>"; };
		32CA4F630368D1EE00C91783 /* JuliusSample_Prefix.pch */ = {isa = PBXFileReference; fileEncoding = 4; lastKnownFileType = sourcecode.c.h; path = JuliusSample_Prefix.pch; sourceTree = "<group>"; };
		8D1107310486CEB800E47090 /* JuliusSample-Info.plist */ = {isa = PBXFileReference; fileEncoding = 4; lastKnownFileType = text.plist.xml; path = "JuliusSample-Info.plist"; plistStructureDefinitionIdentifier = "com.apple.xcode.plist.structure-definition.iphone.info-plist"; sourceTree = "<group>"; };
/* End PBXFileReference section */

/* Begin PBXFrameworksBuildPhase section */
		1D60588F0D05DD3D006BFB54 /* Frameworks */ = {
			isa = PBXFrameworksBuildPhase;
			buildActionMask = 2147483647;
			files = (
				13D3FE2B174A26A300A5EF7F /* AudioToolbox.framework in Frameworks */,
				1D60589F0D05DD5A006BFB54 /* Foundation.framework in Frameworks */,
				1DF5F4E00D08C38300B7A737 /* UIKit.framework in Frameworks */,
				288765A50DF7441C002DB57D /* CoreGraphics.framework in Frameworks */,
				13684FCB12E0AC0D00FBF870 /* libz.dylib in Frameworks */,
				13684FD912E0AC2C00FBF870 /* libjulius.a in Frameworks */,
				13C5372212E1F9FB0071E4ED /* AVFoundation.framework in Frameworks */,
				13C5372912E1FA070071E4ED /* CoreAudio.framework in Frameworks */,
			);
			runOnlyForDeploymentPostprocessing = 0;
		};
/* End PBXFrameworksBuildPhase section */

/* Begin PBXGroup section */
		080E96DDFE201D6D7F000001 /* Classes */ = {
			isa = PBXGroup;
			children = (
				13684FAE12E0ABDB00FBF870 /* Controller */,
				13684FAD12E0ABD500FBF870 /* AppDelegate */,
				13D3FE19174A103200A5EF7F /* RIOInterface.h */,
				13D3FE1C174A106400A5EF7F /* RIOInterface.mm */,
			);
			path = Classes;
			sourceTree = "<group>";
		};
		13684FAD12E0ABD500FBF870 /* AppDelegate */ = {
			isa = PBXGroup;
			children = (
				1D3623240D0F684500981E51 /* JuliusSampleAppDelegate.h */,
				1D3623250D0F684500981E51 /* JuliusSampleAppDelegate.m */,
			);
			name = AppDelegate;
			sourceTree = "<group>";
		};
		13684FAE12E0ABDB00FBF870 /* Controller */ = {
			isa = PBXGroup;
			children = (
				28D7ACF60DDB3853001CB0EB /* JuliusSampleViewController.h */,
				28D7ACF70DDB3853001CB0EB /* JuliusSampleViewController.m */,
			);
			name = Controller;
			sourceTree = "<group>";
		};
		13684FAF12E0ABE800FBF870 /* xib */ = {
			isa = PBXGroup;
			children = (
				28AD733E0D9D9553002E5188 /* MainWindow.xib */,
				2899E5210DE3E06400AC0155 /* JuliusSampleViewController.xib */,
			);
			name = xib;
			sourceTree = "<group>";
		};
		13684FD312E0AC2300FBF870 /* Products */ = {
			isa = PBXGroup;
			children = (
				13684FD712E0AC2300FBF870 /* libjulius.a */,
			);
			name = Products;
			sourceTree = "<group>";
		};
		13684FDB12E0AC5A00FBF870 /* model */ = {
			isa = PBXGroup;
			children = (
				13A80BE8174C6A6100B22FB8 /* sample.grammar */,
				13A80BE9174C6A6100B22FB8 /* sample.term */,
				13A80BEA174C6A6100B22FB8 /* sample.voca */,
				13684FDC12E0AC5A00FBF870 /* lang_m */,
				13684FE012E0AC5B00FBF870 /* phone_m */,
			);
			path = model;
			sourceTree = "<group>";
		};
		13684FDC12E0AC5A00FBF870 /* lang_m */ = {
			isa = PBXGroup;
			children = (
				13A80BE2174C5E0300B22FB8 /* tiedlist */,
				13A80BE4174C5ED800B22FB8 /* sample.dfa */,
				13A80BE5174C5ED800B22FB8 /* sample.htkdic */,
			);
			path = lang_m;
			sourceTree = "<group>";
		};
		13684FE012E0AC5B00FBF870 /* phone_m */ = {
			isa = PBXGroup;
			children = (
				13A80BE0174C5D8D00B22FB8 /* phone_model_ios */,
			);
			path = phone_m;
			sourceTree = "<group>";
		};
		13A73510174CB63800A57375 /* VoxForge-AcousticModel-2013-05-13 */ = {
			isa = PBXGroup;
			children = (
				13A73511174CB63800A57375 /* acoustic_model_files */,
				13A73515174CB63800A57375 /* bin */,
				13A73533174CB63800A57375 /* doc */,
				13A73548174CB63800A57375 /* etc */,
				13A7354A174CB63800A57375 /* grammar */,
				13A73550174CB63800A57375 /* GRAMMAR_NOTES */,
				13A73551174CB63800A57375 /* julius.exe */,
				13A73552174CB63800A57375 /* julius_docs */,
				13A7355A174CB63800A57375 /* LICENSE */,
				13A7355B174CB63800A57375 /* README */,
				13A7355C174CB63800A57375 /* Sample.jconf */,
			);
			path = "VoxForge-AcousticModel-2013-05-13";
			sourceTree = "<group>";
		};
		13A73511174CB63800A57375 /* acoustic_model_files */ = {
			isa = PBXGroup;
			children = (
				13A73512174CB63800A57375 /* hmmdefs */,
				13A73513174CB63800A57375 /* macros */,
				13A73514174CB63800A57375 /* tiedlist */,
			);
			path = acoustic_model_files;
			sourceTree = "<group>";
		};
		13A73515174CB63800A57375 /* bin */ = {
			isa = PBXGroup;
			children = (
				13A73516174CB63800A57375 /* accept_check.exe */,
				13A73517174CB63800A57375 /* adinrec.exe */,
				13A73518174CB63800A57375 /* adintool.exe */,
				13A73519174CB63800A57375 /* dfa_determinize.exe */,
				13A7351A174CB63800A57375 /* dfa_minimize.exe */,
				13A7351B174CB63800A57375 /* generate-ngram.exe */,
				13A7351C174CB63800A57375 /* generate.exe */,
				13A7351D174CB63800A57375 /* gram2sapixml.pl */,
				13A7351E174CB63800A57375 /* jclient.pl */,
				13A7351F174CB63800A57375 /* jcontrol.exe */,
				13A73520174CB63800A57375 /* julius-4.2-decoder-vad.exe */,
				13A73521174CB63800A57375 /* julius-4.2-gmm-vad.exe */,
				13A73522174CB63800A57375 /* julius-4.2-std.exe */,
				13A73523174CB63800A57375 /* julius-4.2.exe */,
				13A73524174CB63800A57375 /* julius.exe */,
				13A73525174CB63800A57375 /* libjulius-config */,
				13A73526174CB63800A57375 /* libsent-config */,
				13A73527174CB63800A57375 /* mkbingram.exe */,
				13A73528174CB63800A57375 /* mkbinhmm.exe */,
				13A73529174CB63800A57375 /* mkbinhmmlist.exe */,
				13A7352A174CB63800A57375 /* mkdfa.pl */,
				13A7352B174CB63800A57375 /* mkfa.exe */,
				13A7352C174CB63800A57375 /* mkgshmm */,
				13A7352D174CB63800A57375 /* mkss.exe */,
				13A7352E174CB63800A57375 /* neighbors.grammar */,
				13A7352F174CB63800A57375 /* neighbors.term */,
				13A73530174CB63800A57375 /* neighbors.voca */,
				13A73531174CB63800A57375 /* nextword.exe */,
				13A73532174CB63800A57375 /* yomi2voca.pl */,
			);
			path = bin;
			sourceTree = "<group>";
		};
		13A73533174CB63800A57375 /* doc */ = {
			isa = PBXGroup;
			children = (
				13A73534174CB63800A57375 /* Juliusbook-4.1.5.pdf */,
				13A73535174CB63800A57375 /* manuals */,
			);
			path = doc;
			sourceTree = "<group>";
		};
		13A73535174CB63800A57375 /* manuals */ = {
			isa = PBXGroup;
			children = (
				13A73536174CB63800A57375 /* accept_check.txt */,
				13A73537174CB63800A57375 /* adinrec.txt */,
				13A73538174CB63800A57375 /* adintool.txt */,
				13A73539174CB63800A57375 /* dfa_determinize.txt */,
				13A7353A174CB63800A57375 /* dfa_minimize.txt */,
				13A7353B174CB63800A57375 /* generate-ngram.txt */,
				13A7353C174CB63800A57375 /* generate.txt */,
				13A7353D174CB63800A57375 /* gram2sapixml.pl.txt */,
				13A7353E174CB63800A57375 /* jclient.pl.txt */,
				13A7353F174CB63800A57375 /* jcontrol.txt */,
				13A73540174CB63800A57375 /* julius.txt */,
				13A73541174CB63800A57375 /* mkbingram.txt */,
				13A73542174CB63800A57375 /* mkbinhmm.txt */,
				13A73543174CB63800A57375 /* mkbinhmmlist.txt */,
				13A73544174CB63800A57375 /* mkdfa.pl.txt */,
				13A73545174CB63800A57375 /* mkgshmm.txt */,
				13A73546174CB63800A57375 /* mkss.txt */,
				13A73547174CB63800A57375 /* nextword.txt */,
			);
			path = manuals;
			sourceTree = "<group>";
		};
		13A73548174CB63800A57375 /* etc */ = {
			isa = PBXGroup;
			children = (
				13A73549174CB63800A57375 /* GPL_License */,
			);
			path = etc;
			sourceTree = "<group>";
		};
		13A7354A174CB63800A57375 /* grammar */ = {
			isa = PBXGroup;
			children = (
				13A7354B174CB63800A57375 /* sample.dfa */,
				13A7354C174CB63800A57375 /* sample.dict */,
				13A7354D174CB63800A57375 /* sample.grammar */,
				13A7354E174CB63800A57375 /* sample.term */,
				13A7354F174CB63800A57375 /* sample.voca */,
			);
			path = grammar;
			sourceTree = "<group>";
		};
		13A73552174CB63800A57375 /* julius_docs */ = {
			isa = PBXGroup;
			children = (
				13A73553174CB63800A57375 /* 00readme-ja.txt */,
				13A73554174CB63800A57375 /* 00readme-julius-ja.txt */,
				13A73555174CB63800A57375 /* 00readme-julius.txt */,
				13A73556174CB63800A57375 /* 00readme.txt */,
				13A73557174CB63800A57375 /* LICENSE.txt */,
				13A73558174CB63800A57375 /* Release-ja.txt */,
				13A73559174CB63800A57375 /* Release.txt */,
			);
			path = julius_docs;
			sourceTree = "<group>";
		};
		13A80BF3174C99F200B22FB8 /* julius4-segmentation-kit-v1.0 2 */ = {
			isa = PBXGroup;
			children = (
				13A80BF4174C99F200B22FB8 /* 00readme-ja.txt */,
				13A80BF5174C99F200B22FB8 /* 00readme.txt */,
				13A80BF6174C99F200B22FB8 /* sample */,
				13A80C01174C99F200B22FB8 /* segment_julius4.pl */,
			);
			path = "julius4-segmentation-kit-v1.0 2";
			sourceTree = "<group>";
		};
		13A80BF6174C99F200B22FB8 /* sample */ = {
			isa = PBXGroup;
			children = (
				13A80BF7174C99F200B22FB8 /* 00readme-ja.txt */,
				13A80BF8174C99F200B22FB8 /* 00readme.txt */,
				13A80BF9174C99F200B22FB8 /* result */,
				13A80BFE174C99F200B22FB8 /* sample.trans */,
				13A80BFF174C99F200B22FB8 /* sample.trans_line */,
				13A80C00174C99F200B22FB8 /* sample.wav */,
			);
			path = sample;
			sourceTree = "<group>";
		};
		13A80BF9174C99F200B22FB8 /* result */ = {
			isa = PBXGroup;
			children = (
				13A80BFA174C99F200B22FB8 /* sample.trans.align */,
				13A80BFB174C99F200B22FB8 /* sample.trans.log */,
				13A80BFC174C99F200B22FB8 /* sample.trans_line.align */,
				13A80BFD174C99F200B22FB8 /* sample.trans_line.log */,
			);
			path = result;
			sourceTree = "<group>";
		};
		13A80C1C174CAB5900B22FB8 /* julius-voxforge-0.1.1~daily20130206 */ = {
			isa = PBXGroup;
			children = (
				13A80C1D174CAB5900B22FB8 /* config */,
				13A80C1E174CAB5900B22FB8 /* dict */,
				13A80C1F174CAB5900B22FB8 /* etc */,
				13A80C21174CAB5900B22FB8 /* hmmdefs */,
				13A80C22174CAB5900B22FB8 /* LICENSE */,
				13A80C23174CAB5900B22FB8 /* macros */,
				13A80C24174CAB5900B22FB8 /* master_prompts */,
				13A80C25174CAB5900B22FB8 /* stats */,
				13A80C26174CAB5900B22FB8 /* TestResults */,
				13A80C27174CAB5900B22FB8 /* tiedlist */,
				13A80C28174CAB5900B22FB8 /* wav_config */,
			);
			path = "julius-voxforge-0.1.1~daily20130206";
			sourceTree = "<group>";
		};
		13A80C1F174CAB5900B22FB8 /* etc */ = {
			isa = PBXGroup;
			children = (
				13A80C20174CAB5900B22FB8 /* GPL_license.txt */,
			);
			path = etc;
			sourceTree = "<group>";
		};
		13C5374012E1FA940071E4ED /* Julius */ = {
			isa = PBXGroup;
			children = (
				13C5373D12E1FA910071E4ED /* Julius.h */,
				13C5373E12E1FA910071E4ED /* Julius.m */,
			);
			name = Julius;
			sourceTree = "<group>";
		};
		13C5376612E1FFE90071E4ED /* MBProgressHUD */ = {
			isa = PBXGroup;
			children = (
				13C5378D12E1FFEA0071E4ED /* MBProgressHUD.h */,
				13C5378E12E1FFEA0071E4ED /* MBProgressHUD.m */,
				13C5378F12E1FFEA0071E4ED /* README.mdown */,
			);
			path = MBProgressHUD;
			sourceTree = "<group>";
		};
		13D3FE23174A21FD00A5EF7F /* CAUtility */ = {
			isa = PBXGroup;
			children = (
				13D3FE24174A221800A5EF7F /* CADebugMacros.h */,
				13D3FE25174A221800A5EF7F /* CAStreamBasicDescription.h */,
				13D3FE26174A221800A5EF7F /* CAXException.cpp */,
				13D3FE27174A221800A5EF7F /* CAXException.h */,
			);
			name = CAUtility;
			sourceTree = "<group>";
		};
		19C28FACFE9D520D11CA2CBB /* Products */ = {
			isa = PBXGroup;
			children = (
				1D6058910D05DD3D006BFB54 /* JuliusSample.app */,
			);
			name = Products;
			sourceTree = "<group>";
		};
		29B97314FDCFA39411CA2CEA /* CustomTemplate */ = {
			isa = PBXGroup;
			children = (
				13D3FE2A174A26A300A5EF7F /* AudioToolbox.framework */,
				13D3FE0F174A002600A5EF7F /* README.textile */,
				080E96DDFE201D6D7F000001 /* Classes */,
				29B97315FDCFA39411CA2CEA /* Other Sources */,
				29B97317FDCFA39411CA2CEA /* Resources */,
				29B97323FDCFA39411CA2CEA /* Frameworks */,
				19C28FACFE9D520D11CA2CBB /* Products */,
			);
			name = CustomTemplate;
			sourceTree = "<group>";
		};
		29B97315FDCFA39411CA2CEA /* Other Sources */ = {
			isa = PBXGroup;
			children = (
				13D3FE23174A21FD00A5EF7F /* CAUtility */,
				13C5376612E1FFE90071E4ED /* MBProgressHUD */,
				13684FD212E0AC2300FBF870 /* julius.xcodeproj */,
				13C5374012E1FA940071E4ED /* Julius */,
				32CA4F630368D1EE00C91783 /* JuliusSample_Prefix.pch */,
				29B97316FDCFA39411CA2CEA /* main.m */,
			);
			name = "Other Sources";
			sourceTree = "<group>";
		};
		29B97317FDCFA39411CA2CEA /* Resources */ = {
			isa = PBXGroup;
			children = (
				13A73510174CB63800A57375 /* VoxForge-AcousticModel-2013-05-13 */,
				13A80C1C174CAB5900B22FB8 /* julius-voxforge-0.1.1~daily20130206 */,
				13A80BF3174C99F200B22FB8 /* julius4-segmentation-kit-v1.0 2 */,
				13684FAF12E0ABE800FBF870 /* xib */,
				13684FDB12E0AC5A00FBF870 /* model */,
				8D1107310486CEB800E47090 /* JuliusSample-Info.plist */,
				13684FEA12E0AC9900FBF870 /* light.jconf */,
				130F837412E33E9000488D19 /* fast.jconf */,
			);
			name = Resources;
			sourceTree = "<group>";
		};
		29B97323FDCFA39411CA2CEA /* Frameworks */ = {
			isa = PBXGroup;
			children = (
				1DF5F4DF0D08C38300B7A737 /* UIKit.framework */,
				1D30AB110D05D00D00671497 /* Foundation.framework */,
				13C5372112E1F9FB0071E4ED /* AVFoundation.framework */,
				288765A40DF7441C002DB57D /* CoreGraphics.framework */,
				13C5372812E1FA070071E4ED /* CoreAudio.framework */,
				13684FCA12E0AC0D00FBF870 /* libz.dylib */,
			);
			name = Frameworks;
			sourceTree = "<group>";
		};
/* End PBXGroup section */

/* Begin PBXNativeTarget section */
		1D6058900D05DD3D006BFB54 /* JuliusSample */ = {
			isa = PBXNativeTarget;
			buildConfigurationList = 1D6058960D05DD3E006BFB54 /* Build configuration list for PBXNativeTarget "JuliusSample" */;
			buildPhases = (
				1D60588D0D05DD3D006BFB54 /* Resources */,
				1D60588E0D05DD3D006BFB54 /* Sources */,
				1D60588F0D05DD3D006BFB54 /* Frameworks */,
			);
			buildRules = (
			);
			dependencies = (
			);
			name = JuliusSample;
			productName = JuliusSample;
			productReference = 1D6058910D05DD3D006BFB54 /* JuliusSample.app */;
			productType = "com.apple.product-type.application";
		};
/* End PBXNativeTarget section */

/* Begin PBXProject section */
		29B97313FDCFA39411CA2CEA /* Project object */ = {
			isa = PBXProject;
			attributes = {
				LastUpgradeCheck = 0450;
			};
			buildConfigurationList = C01FCF4E08A954540054247B /* Build configuration list for PBXProject "JuliusSample" */;
			compatibilityVersion = "Xcode 3.2";
			developmentRegion = English;
			hasScannedForEncodings = 1;
			knownRegions = (
				English,
				Japanese,
				French,
				German,
			);
			mainGroup = 29B97314FDCFA39411CA2CEA /* CustomTemplate */;
			projectDirPath = "";
			projectReferences = (
				{
					ProductGroup = 13684FD312E0AC2300FBF870 /* Products */;
					ProjectRef = 13684FD212E0AC2300FBF870 /* julius.xcodeproj */;
				},
			);
			projectRoot = "";
			targets = (
				1D6058900D05DD3D006BFB54 /* JuliusSample */,
			);
		};
/* End PBXProject section */

/* Begin PBXReferenceProxy section */
		13684FD712E0AC2300FBF870 /* libjulius.a */ = {
			isa = PBXReferenceProxy;
			fileType = archive.ar;
			path = libjulius.a;
			remoteRef = 13684FD612E0AC2300FBF870 /* PBXContainerItemProxy */;
			sourceTree = BUILT_PRODUCTS_DIR;
		};
/* End PBXReferenceProxy section */

/* Begin PBXResourcesBuildPhase section */
		1D60588D0D05DD3D006BFB54 /* Resources */ = {
			isa = PBXResourcesBuildPhase;
			buildActionMask = 2147483647;
			files = (
				28AD733F0D9D9553002E5188 /* MainWindow.xib in Resources */,
				2899E5220DE3E06400AC0155 /* JuliusSampleViewController.xib in Resources */,
				13684FEB12E0AC9900FBF870 /* light.jconf in Resources */,
				13C537A912E1FFEA0071E4ED /* README.mdown in Resources */,
				130F837512E33E9000488D19 /* fast.jconf in Resources */,
				13D3FE10174A002600A5EF7F /* README.textile in Resources */,
				13A80BE1174C5D8D00B22FB8 /* phone_model_ios in Resources */,
				13A80BE3174C5E0300B22FB8 /* tiedlist in Resources */,
				13A80BE6174C5ED800B22FB8 /* sample.dfa in Resources */,
				13A80BE7174C5ED800B22FB8 /* sample.htkdic in Resources */,
				13A80BEB174C6A6100B22FB8 /* sample.grammar in Resources */,
				13A80BEC174C6A6100B22FB8 /* sample.term in Resources */,
				13A80BED174C6A6100B22FB8 /* sample.voca in Resources */,
				13A80C02174C99F200B22FB8 /* 00readme-ja.txt in Resources */,
				13A80C03174C99F200B22FB8 /* 00readme.txt in Resources */,
				13A80C04174C99F200B22FB8 /* 00readme-ja.txt in Resources */,
				13A80C05174C99F200B22FB8 /* 00readme.txt in Resources */,
				13A80C06174C99F200B22FB8 /* sample.trans.align in Resources */,
				13A80C07174C99F200B22FB8 /* sample.trans.log in Resources */,
				13A80C08174C99F200B22FB8 /* sample.trans_line.align in Resources */,
				13A80C09174C99F200B22FB8 /* sample.trans_line.log in Resources */,
				13A80C0A174C99F200B22FB8 /* sample.trans in Resources */,
				13A80C0B174C99F200B22FB8 /* sample.trans_line in Resources */,
				13A80C0C174C99F200B22FB8 /* sample.wav in Resources */,
				13A80C0D174C99F200B22FB8 /* segment_julius4.pl in Resources */,
				13A80C29174CAB5900B22FB8 /* config in Resources */,
				13A80C2A174CAB5900B22FB8 /* dict in Resources */,
				13A80C2B174CAB5900B22FB8 /* GPL_license.txt in Resources */,
				13A80C2C174CAB5900B22FB8 /* hmmdefs in Resources */,
				13A80C2D174CAB5900B22FB8 /* LICENSE in Resources */,
				13A80C2E174CAB5900B22FB8 /* macros in Resources */,
				13A80C2F174CAB5900B22FB8 /* master_prompts in Resources */,
				13A80C30174CAB5900B22FB8 /* stats in Resources */,
				13A80C31174CAB5900B22FB8 /* TestResults in Resources */,
				13A80C32174CAB5900B22FB8 /* tiedlist in Resources */,
				13A80C33174CAB5900B22FB8 /* wav_config in Resources */,
				13A7355D174CB63800A57375 /* hmmdefs in Resources */,
				13A7355E174CB63800A57375 /* macros in Resources */,
				13A7355F174CB63800A57375 /* tiedlist in Resources */,
				13A73560174CB63800A57375 /* accept_check.exe in Resources */,
				13A73561174CB63800A57375 /* adinrec.exe in Resources */,
				13A73562174CB63800A57375 /* adintool.exe in Resources */,
				13A73563174CB63800A57375 /* dfa_determinize.exe in Resources */,
				13A73564174CB63800A57375 /* dfa_minimize.exe in Resources */,
				13A73565174CB63800A57375 /* generate-ngram.exe in Resources */,
				13A73566174CB63800A57375 /* generate.exe in Resources */,
				13A73567174CB63800A57375 /* gram2sapixml.pl in Resources */,
				13A73568174CB63800A57375 /* jclient.pl in Resources */,
				13A73569174CB63800A57375 /* jcontrol.exe in Resources */,
				13A7356A174CB63800A57375 /* julius-4.2-decoder-vad.exe in Resources */,
				13A7356B174CB63800A57375 /* julius-4.2-gmm-vad.exe in Resources */,
				13A7356C174CB63800A57375 /* julius-4.2-std.exe in Resources */,
				13A7356D174CB63800A57375 /* julius-4.2.exe in Resources */,
				13A7356E174CB63800A57375 /* julius.exe in Resources */,
				13A7356F174CB63800A57375 /* libjulius-config in Resources */,
				13A73570174CB63800A57375 /* libsent-config in Resources */,
				13A73571174CB63800A57375 /* mkbingram.exe in Resources */,
				13A73572174CB63800A57375 /* mkbinhmm.exe in Resources */,
				13A73573174CB63800A57375 /* mkbinhmmlist.exe in Resources */,
				13A73574174CB63800A57375 /* mkdfa.pl in Resources */,
				13A73575174CB63800A57375 /* mkfa.exe in Resources */,
				13A73576174CB63800A57375 /* mkgshmm in Resources */,
				13A73577174CB63800A57375 /* mkss.exe in Resources */,
				13A73578174CB63800A57375 /* neighbors.grammar in Resources */,
				13A73579174CB63800A57375 /* neighbors.term in Resources */,
				13A7357A174CB63800A57375 /* neighbors.voca in Resources */,
				13A7357B174CB63800A57375 /* nextword.exe in Resources */,
				13A7357C174CB63800A57375 /* yomi2voca.pl in Resources */,
				13A7357D174CB63800A57375 /* Juliusbook-4.1.5.pdf in Resources */,
				13A7357E174CB63800A57375 /* accept_check.txt in Resources */,
				13A7357F174CB63800A57375 /* adinrec.txt in Resources */,
				13A73580174CB63800A57375 /* adintool.txt in Resources */,
				13A73581174CB63800A57375 /* dfa_determinize.txt in Resources */,
				13A73582174CB63800A57375 /* dfa_minimize.txt in Resources */,
				13A73583174CB63800A57375 /* generate-ngram.txt in Resources */,
				13A73584174CB63800A57375 /* generate.txt in Resources */,
				13A73585174CB63800A57375 /* gram2sapixml.pl.txt in Resources */,
				13A73586174CB63800A57375 /* jclient.pl.txt in Resources */,
				13A73587174CB63800A57375 /* jcontrol.txt in Resources */,
				13A73588174CB63800A57375 /* julius.txt in Resources */,
				13A73589174CB63800A57375 /* mkbingram.txt in Resources */,
				13A7358A174CB63800A57375 /* mkbinhmm.txt in Resources */,
				13A7358B174CB63800A57375 /* mkbinhmmlist.txt in Resources */,
				13A7358C174CB63800A57375 /* mkdfa.pl.txt in Resources */,
				13A7358D174CB63800A57375 /* mkgshmm.txt in Resources */,
				13A7358E174CB63800A57375 /* mkss.txt in Resources */,
				13A7358F174CB63800A57375 /* nextword.txt in Resources */,
				13A73590174CB63800A57375 /* GPL_License in Resources */,
				13A73591174CB63800A57375 /* sample.dfa in Resources */,
				13A73592174CB63800A57375 /* sample.dict in Resources */,
				13A73593174CB63800A57375 /* sample.grammar in Resources */,
				13A73594174CB63800A57375 /* sample.term in Resources */,
				13A73595174CB63800A57375 /* sample.voca in Resources */,
				13A73596174CB63800A57375 /* GRAMMAR_NOTES in Resources */,
				13A73597174CB63800A57375 /* julius.exe in Resources */,
				13A73598174CB63800A57375 /* 00readme-ja.txt in Resources */,
				13A73599174CB63800A57375 /* 00readme-julius-ja.txt in Resources */,
				13A7359A174CB63800A57375 /* 00readme-julius.txt in Resources */,
				13A7359B174CB63800A57375 /* 00readme.txt in Resources */,
				13A7359C174CB63800A57375 /* LICENSE.txt in Resources */,
				13A7359D174CB63800A57375 /* Release-ja.txt in Resources */,
				13A7359E174CB63800A57375 /* Release.txt in Resources */,
				13A7359F174CB63800A57375 /* LICENSE in Resources */,
				13A735A0174CB63800A57375 /* README in Resources */,
				13A735A1174CB63800A57375 /* Sample.jconf in Resources */,
			);
			runOnlyForDeploymentPostprocessing = 0;
		};
/* End PBXResourcesBuildPhase section */

/* Begin PBXSourcesBuildPhase section */
		1D60588E0D05DD3D006BFB54 /* Sources */ = {
			isa = PBXSourcesBuildPhase;
			buildActionMask = 2147483647;
			files = (
				1D60589B0D05DD56006BFB54 /* main.m in Sources */,
				1D3623260D0F684500981E51 /* JuliusSampleAppDelegate.m in Sources */,
				28D7ACF80DDB3853001CB0EB /* JuliusSampleViewController.m in Sources */,
				13C5373F12E1FA910071E4ED /* Julius.m in Sources */,
				13C537A812E1FFEA0071E4ED /* MBProgressHUD.m in Sources */,
				13D3FE1D174A106500A5EF7F /* RIOInterface.mm in Sources */,
				13D3FE28174A221800A5EF7F /* CAXException.cpp in Sources */,
			);
			runOnlyForDeploymentPostprocessing = 0;
		};
/* End PBXSourcesBuildPhase section */

/* Begin XCBuildConfiguration section */
		1D6058940D05DD3E006BFB54 /* Debug */ = {
			isa = XCBuildConfiguration;
			buildSettings = {
				ALWAYS_SEARCH_USER_PATHS = NO;
				COPY_PHASE_STRIP = NO;
				GCC_DYNAMIC_NO_PIC = NO;
				GCC_OPTIMIZATION_LEVEL = 0;
				GCC_PRECOMPILE_PREFIX_HEADER = YES;
				GCC_PREFIX_HEADER = JuliusSample_Prefix.pch;
				INFOPLIST_FILE = "JuliusSample-Info.plist";
				PRODUCT_NAME = JuliusSample;
			};
			name = Debug;
		};
		1D6058950D05DD3E006BFB54 /* Release */ = {
			isa = XCBuildConfiguration;
			buildSettings = {
				ALWAYS_SEARCH_USER_PATHS = NO;
				COPY_PHASE_STRIP = YES;
				GCC_PRECOMPILE_PREFIX_HEADER = YES;
				GCC_PREFIX_HEADER = JuliusSample_Prefix.pch;
				INFOPLIST_FILE = "JuliusSample-Info.plist";
				PRODUCT_NAME = JuliusSample;
				VALIDATE_PRODUCT = YES;
			};
			name = Release;
		};
		C01FCF4F08A954540054247B /* Debug */ = {
			isa = XCBuildConfiguration;
			buildSettings = {
				ARCHS = "$(ARCHS_STANDARD_32_BIT)";
				"CODE_SIGN_IDENTITY[sdk=iphoneos*]" = "iPhone Developer";
				GCC_C_LANGUAGE_STANDARD = c99;
				GCC_WARN_ABOUT_RETURN_TYPE = YES;
				GCC_WARN_UNUSED_VARIABLE = YES;
				HEADER_SEARCH_PATHS = (
					../sent,
					../julius,
				);
				IPHONEOS_DEPLOYMENT_TARGET = 6.0;
				SDKROOT = iphoneos;
			};
			name = Debug;
		};
		C01FCF5008A954540054247B /* Release */ = {
			isa = XCBuildConfiguration;
			buildSettings = {
				ARCHS = "$(ARCHS_STANDARD_32_BIT)";
				"CODE_SIGN_IDENTITY[sdk=iphoneos*]" = "iPhone Developer";
				GCC_C_LANGUAGE_STANDARD = c99;
				GCC_WARN_ABOUT_RETURN_TYPE = YES;
				GCC_WARN_UNUSED_VARIABLE = YES;
				HEADER_SEARCH_PATHS = (
					../sent,
					../julius,
				);
				IPHONEOS_DEPLOYMENT_TARGET = 6.0;
				OTHER_CFLAGS = "-DNS_BLOCK_ASSERTIONS=1";
				SDKROOT = iphoneos;
			};
			name = Release;
		};
/* End XCBuildConfiguration section */

/* Begin XCConfigurationList section */
		1D6058960D05DD3E006BFB54 /* Build configuration list for PBXNativeTarget "JuliusSample" */ = {
			isa = XCConfigurationList;
			buildConfigurations = (
				1D6058940D05DD3E006BFB54 /* Debug */,
				1D6058950D05DD3E006BFB54 /* Release */,
			);
			defaultConfigurationIsVisible = 0;
			defaultConfigurationName = Release;
		};
		C01FCF4E08A954540054247B /* Build configuration list for PBXProject "JuliusSample" */ = {
			isa = XCConfigurationList;
			buildConfigurations = (
				C01FCF4F08A954540054247B /* Debug */,
				C01FCF5008A954540054247B /* Release */,
			);
			defaultConfigurationIsVisible = 0;
			defaultConfigurationName = Release;
		};
/* End XCConfigurationList section */
	};
	rootObject = 29B97313FDCFA39411CA2CEA /* Project object */;
}
