// !$*UTF8*$!
{
	archiveVersion = 1;
	classes = {
	};
	objectVersion = 46;
	objects = {

/* Begin PBXBuildFile section */
		131BA4A9176184EF0033530B /* libjulius.a in Frameworks */ = {isa = PBXBuildFile; fileRef = 134018F01760A21A0047EC60 /* libjulius.a */; };
		131BA5AA1762DB720033530B /* QuartzCore.framework in Frameworks */ = {isa = PBXBuildFile; fileRef = 131BA5A91762DB720033530B /* QuartzCore.framework */; };
		131E74321769C10E00457C90 /* CoreText.framework in Frameworks */ = {isa = PBXBuildFile; fileRef = 131E74311769C10E00457C90 /* CoreText.framework */; };
		134018CB1760A14B0047EC60 /* hmmdefs in Resources */ = {isa = PBXBuildFile; fileRef = 134018C91760A14B0047EC60 /* hmmdefs */; };
		134018CC1760A14B0047EC60 /* tiedlist in Resources */ = {isa = PBXBuildFile; fileRef = 134018CA1760A14B0047EC60 /* tiedlist */; };
		1344A4081769E86400BD73F9 /* MainWindow.xib in Resources */ = {isa = PBXBuildFile; fileRef = 1344A4061769E86400BD73F9 /* MainWindow.xib */; };
		1344A4091769E86400BD73F9 /* JuliusSampleViewController.xib in Resources */ = {isa = PBXBuildFile; fileRef = 1344A4071769E86400BD73F9 /* JuliusSampleViewController.xib */; };
		135CA0CC17AA453E008F962C /* MyAudioManager.m in Sources */ = {isa = PBXBuildFile; fileRef = 135CA0CB17AA453E008F962C /* MyAudioManager.m */; };
		135CA12E17AA454F008F962C /* cvec.c in Sources */ = {isa = PBXBuildFile; fileRef = 135CA0D117AA454F008F962C /* cvec.c */; };
		135CA12F17AA454F008F962C /* fmat.c in Sources */ = {isa = PBXBuildFile; fileRef = 135CA0D317AA454F008F962C /* fmat.c */; };
		135CA13017AA454F008F962C /* fvec.c in Sources */ = {isa = PBXBuildFile; fileRef = 135CA0D517AA454F008F962C /* fvec.c */; };
		135CA13117AA454F008F962C /* sink.c in Sources */ = {isa = PBXBuildFile; fileRef = 135CA0D817AA454F008F962C /* sink.c */; };
		135CA13217AA454F008F962C /* sink_apple_audio.c in Sources */ = {isa = PBXBuildFile; fileRef = 135CA0DA17AA454F008F962C /* sink_apple_audio.c */; };
		135CA13317AA454F008F962C /* sink_sndfile.c in Sources */ = {isa = PBXBuildFile; fileRef = 135CA0DC17AA454F008F962C /* sink_sndfile.c */; };
		135CA13417AA454F008F962C /* sndfileio.c in Sources */ = {isa = PBXBuildFile; fileRef = 135CA0DE17AA454F008F962C /* sndfileio.c */; };
		135CA13517AA454F008F962C /* source.c in Sources */ = {isa = PBXBuildFile; fileRef = 135CA0E017AA454F008F962C /* source.c */; };
		135CA13617AA454F008F962C /* source_apple_audio.c in Sources */ = {isa = PBXBuildFile; fileRef = 135CA0E217AA454F008F962C /* source_apple_audio.c */; };
		135CA13717AA454F008F962C /* source_sndfile.c in Sources */ = {isa = PBXBuildFile; fileRef = 135CA0E417AA454F008F962C /* source_sndfile.c */; };
		135CA13817AA454F008F962C /* utils_apple_audio.c in Sources */ = {isa = PBXBuildFile; fileRef = 135CA0E617AA454F008F962C /* utils_apple_audio.c */; };
		135CA13917AA454F008F962C /* lvec.c in Sources */ = {isa = PBXBuildFile; fileRef = 135CA0E717AA454F008F962C /* lvec.c */; };
		135CA13A17AA454F008F962C /* mathutils.c in Sources */ = {isa = PBXBuildFile; fileRef = 135CA0E917AA454F008F962C /* mathutils.c */; };
		135CA13B17AA454F008F962C /* onset.c in Sources */ = {isa = PBXBuildFile; fileRef = 135CA0ED17AA454F008F962C /* onset.c */; };
		135CA13C17AA454F008F962C /* peakpicker.c in Sources */ = {isa = PBXBuildFile; fileRef = 135CA0EF17AA454F008F962C /* peakpicker.c */; };
		135CA13D17AA454F008F962C /* pitch.c in Sources */ = {isa = PBXBuildFile; fileRef = 135CA0F217AA454F008F962C /* pitch.c */; };
		135CA13E17AA454F008F962C /* pitchfcomb.c in Sources */ = {isa = PBXBuildFile; fileRef = 135CA0F417AA454F008F962C /* pitchfcomb.c */; };
		135CA13F17AA454F008F962C /* pitchmcomb.c in Sources */ = {isa = PBXBuildFile; fileRef = 135CA0F617AA454F008F962C /* pitchmcomb.c */; };
		135CA14017AA454F008F962C /* pitchschmitt.c in Sources */ = {isa = PBXBuildFile; fileRef = 135CA0F817AA454F008F962C /* pitchschmitt.c */; };
		135CA14117AA454F008F962C /* pitchspecacf.c in Sources */ = {isa = PBXBuildFile; fileRef = 135CA0FA17AA454F008F962C /* pitchspecacf.c */; };
		135CA14217AA454F008F962C /* pitchyin.c in Sources */ = {isa = PBXBuildFile; fileRef = 135CA0FC17AA454F008F962C /* pitchyin.c */; };
		135CA14317AA454F008F962C /* pitchyinfft.c in Sources */ = {isa = PBXBuildFile; fileRef = 135CA0FE17AA454F008F962C /* pitchyinfft.c */; };
		135CA14417AA454F008F962C /* fft.c in Sources */ = {isa = PBXBuildFile; fileRef = 135CA10117AA454F008F962C /* fft.c */; };
		135CA14517AA454F008F962C /* filterbank.c in Sources */ = {isa = PBXBuildFile; fileRef = 135CA10317AA454F008F962C /* filterbank.c */; };
		135CA14617AA454F008F962C /* filterbank_mel.c in Sources */ = {isa = PBXBuildFile; fileRef = 135CA10517AA454F008F962C /* filterbank_mel.c */; };
		135CA14717AA454F008F962C /* mfcc.c in Sources */ = {isa = PBXBuildFile; fileRef = 135CA10717AA454F008F962C /* mfcc.c */; };
		135CA14817AA454F008F962C /* ooura_fft8g.c in Sources */ = {isa = PBXBuildFile; fileRef = 135CA10917AA454F008F962C /* ooura_fft8g.c */; };
		135CA14917AA454F008F962C /* phasevoc.c in Sources */ = {isa = PBXBuildFile; fileRef = 135CA10A17AA454F008F962C /* phasevoc.c */; };
		135CA14A17AA454F008F962C /* specdesc.c in Sources */ = {isa = PBXBuildFile; fileRef = 135CA10C17AA454F008F962C /* specdesc.c */; };
		135CA14B17AA454F008F962C /* statistics.c in Sources */ = {isa = PBXBuildFile; fileRef = 135CA10E17AA454F008F962C /* statistics.c */; };
		135CA14C17AA454F008F962C /* tss.c in Sources */ = {isa = PBXBuildFile; fileRef = 135CA10F17AA454F008F962C /* tss.c */; };
		135CA14D17AA454F008F962C /* sampler.c in Sources */ = {isa = PBXBuildFile; fileRef = 135CA11217AA454F008F962C /* sampler.c */; };
		135CA14E17AA454F008F962C /* beattracking.c in Sources */ = {isa = PBXBuildFile; fileRef = 135CA11517AA454F008F962C /* beattracking.c */; };
		135CA14F17AA454F008F962C /* tempo.c in Sources */ = {isa = PBXBuildFile; fileRef = 135CA11717AA454F008F962C /* tempo.c */; };
		135CA15017AA454F008F962C /* a_weighting.c in Sources */ = {isa = PBXBuildFile; fileRef = 135CA11A17AA454F008F962C /* a_weighting.c */; };
		135CA15117AA454F008F962C /* biquad.c in Sources */ = {isa = PBXBuildFile; fileRef = 135CA11C17AA454F008F962C /* biquad.c */; };
		135CA15217AA454F008F962C /* c_weighting.c in Sources */ = {isa = PBXBuildFile; fileRef = 135CA11E17AA454F008F962C /* c_weighting.c */; };
		135CA15317AA454F008F962C /* filter.c in Sources */ = {isa = PBXBuildFile; fileRef = 135CA12017AA454F008F962C /* filter.c */; };
		135CA15417AA454F008F962C /* resampler.c in Sources */ = {isa = PBXBuildFile; fileRef = 135CA12217AA454F008F962C /* resampler.c */; };
		135CA15517AA454F008F962C /* hist.c in Sources */ = {isa = PBXBuildFile; fileRef = 135CA12617AA454F008F962C /* hist.c */; };
		135CA15617AA454F008F962C /* scale.c in Sources */ = {isa = PBXBuildFile; fileRef = 135CA12817AA454F008F962C /* scale.c */; };
		135CA15717AA454F008F962C /* utils.c in Sources */ = {isa = PBXBuildFile; fileRef = 135CA12A17AA454F008F962C /* utils.c */; };
		135CA15817AA454F008F962C /* vecutils.c in Sources */ = {isa = PBXBuildFile; fileRef = 135CA12C17AA454F008F962C /* vecutils.c */; };
		135CA15A17AA47DC008F962C /* README.textile in Resources */ = {isa = PBXBuildFile; fileRef = 135CA15917AA47DC008F962C /* README.textile */; };
		135CA17D17AA701C008F962C /* test.dfa in Resources */ = {isa = PBXBuildFile; fileRef = 135CA17917AA701C008F962C /* test.dfa */; };
		135CA17E17AA701C008F962C /* test.dict in Resources */ = {isa = PBXBuildFile; fileRef = 135CA17A17AA701C008F962C /* test.dict */; };
		135CA17F17AA701C008F962C /* test.grammar in Resources */ = {isa = PBXBuildFile; fileRef = 135CA17B17AA701C008F962C /* test.grammar */; };
		135CA18017AA701C008F962C /* test.voca in Resources */ = {isa = PBXBuildFile; fileRef = 135CA17C17AA701C008F962C /* test.voca */; };
		135CA18D17AA702F008F962C /* cmu07a.dic in Resources */ = {isa = PBXBuildFile; fileRef = 135CA18217AA702F008F962C /* cmu07a.dic */; };
		135CA18E17AA702F008F962C /* gson-2.2.4.jar in Frameworks */ = {isa = PBXBuildFile; fileRef = 135CA18317AA702F008F962C /* gson-2.2.4.jar */; };
		135CA18F17AA702F008F962C /* input.txt in Resources */ = {isa = PBXBuildFile; fileRef = 135CA18417AA702F008F962C /* input.txt */; };
		135CA19017AA702F008F962C /* JuliusTool.jar in Frameworks */ = {isa = PBXBuildFile; fileRef = 135CA18517AA702F008F962C /* JuliusTool.jar */; };
		135CA19117AA702F008F962C /* README.rtf in Resources */ = {isa = PBXBuildFile; fileRef = 135CA18617AA702F008F962C /* README.rtf */; };
		135CA19217AA702F008F962C /* run.sh in Resources */ = {isa = PBXBuildFile; fileRef = 135CA18717AA702F008F962C /* run.sh */; };
		135CA19317AA702F008F962C /* test.dfa in Resources */ = {isa = PBXBuildFile; fileRef = 135CA18817AA702F008F962C /* test.dfa */; };
		135CA19417AA702F008F962C /* test.dict in Resources */ = {isa = PBXBuildFile; fileRef = 135CA18917AA702F008F962C /* test.dict */; };
		135CA19517AA702F008F962C /* test.grammar in Resources */ = {isa = PBXBuildFile; fileRef = 135CA18A17AA702F008F962C /* test.grammar */; };
		135CA19617AA702F008F962C /* test.term in Resources */ = {isa = PBXBuildFile; fileRef = 135CA18B17AA702F008F962C /* test.term */; };
		135CA19717AA702F008F962C /* test.voca in Resources */ = {isa = PBXBuildFile; fileRef = 135CA18C17AA702F008F962C /* test.voca */; };
		13684FCB12E0AC0D00FBF870 /* libz.dylib in Frameworks */ = {isa = PBXBuildFile; fileRef = 13684FCA12E0AC0D00FBF870 /* libz.dylib */; };
		13684FEB12E0AC9900FBF870 /* light.jconf in Resources */ = {isa = PBXBuildFile; fileRef = 13684FEA12E0AC9900FBF870 /* light.jconf */; };
		13A7B9EA174F347200E832F3 /* Accelerate.framework in Frameworks */ = {isa = PBXBuildFile; fileRef = 13A7B9E9174F347200E832F3 /* Accelerate.framework */; };
		13C5372212E1F9FB0071E4ED /* AVFoundation.framework in Frameworks */ = {isa = PBXBuildFile; fileRef = 13C5372112E1F9FB0071E4ED /* AVFoundation.framework */; };
		13C5372912E1FA070071E4ED /* CoreAudio.framework in Frameworks */ = {isa = PBXBuildFile; fileRef = 13C5372812E1FA070071E4ED /* CoreAudio.framework */; };
		13C5373F12E1FA910071E4ED /* Julius.m in Sources */ = {isa = PBXBuildFile; fileRef = 13C5373E12E1FA910071E4ED /* Julius.m */; };
		13C537A812E1FFEA0071E4ED /* MBProgressHUD.m in Sources */ = {isa = PBXBuildFile; fileRef = 13C5378E12E1FFEA0071E4ED /* MBProgressHUD.m */; };
		13C537A912E1FFEA0071E4ED /* README.mdown in Resources */ = {isa = PBXBuildFile; fileRef = 13C5378F12E1FFEA0071E4ED /* README.mdown */; };
		13D3FE28174A221800A5EF7F /* CAXException.cpp in Sources */ = {isa = PBXBuildFile; fileRef = 13D3FE26174A221800A5EF7F /* CAXException.cpp */; };
		13D3FE2B174A26A300A5EF7F /* AudioToolbox.framework in Frameworks */ = {isa = PBXBuildFile; fileRef = 13D3FE2A174A26A300A5EF7F /* AudioToolbox.framework */; };
		1D3623260D0F684500981E51 /* JuliusSampleAppDelegate.m in Sources */ = {isa = PBXBuildFile; fileRef = 1D3623250D0F684500981E51 /* JuliusSampleAppDelegate.m */; };
		1D60589B0D05DD56006BFB54 /* main.m in Sources */ = {isa = PBXBuildFile; fileRef = 29B97316FDCFA39411CA2CEA /* main.m */; };
		1D60589F0D05DD5A006BFB54 /* Foundation.framework in Frameworks */ = {isa = PBXBuildFile; fileRef = 1D30AB110D05D00D00671497 /* Foundation.framework */; };
		1DF5F4E00D08C38300B7A737 /* UIKit.framework in Frameworks */ = {isa = PBXBuildFile; fileRef = 1DF5F4DF0D08C38300B7A737 /* UIKit.framework */; };
		288765A50DF7441C002DB57D /* CoreGraphics.framework in Frameworks */ = {isa = PBXBuildFile; fileRef = 288765A40DF7441C002DB57D /* CoreGraphics.framework */; };
		4510C2AD1755ED6900C697AE /* test.jconf in Resources */ = {isa = PBXBuildFile; fileRef = 4510C2AC1755ED6900C697AE /* test.jconf */; };
		4561EA5117719ED200EE391B /* rotate.png in Resources */ = {isa = PBXBuildFile; fileRef = 4561EA5017719ED200EE391B /* rotate.png */; };
		45F2B34C1764155A00500BA4 /* SpeakViewController.xib in Resources */ = {isa = PBXBuildFile; fileRef = 45F2B34A1764155A00500BA4 /* SpeakViewController.xib */; };
		45F2B350176416D400500BA4 /* speak.jpg in Resources */ = {isa = PBXBuildFile; fileRef = 45F2B34F176416D400500BA4 /* speak.jpg */; };
/* End PBXBuildFile section */

/* Begin PBXContainerItemProxy section */
		134018EF1760A21A0047EC60 /* PBXContainerItemProxy */ = {
			isa = PBXContainerItemProxy;
			containerPortal = 134018E41760A2190047EC60 /* julius.xcodeproj */;
			proxyType = 2;
			remoteGlobalIDString = D2AAC07E0554694100DB518D;
			remoteInfo = julius;
		};
/* End PBXContainerItemProxy section */

/* Begin PBXFileReference section */
		131BA5A91762DB720033530B /* QuartzCore.framework */ = {isa = PBXFileReference; lastKnownFileType = wrapper.framework; name = QuartzCore.framework; path = System/Library/Frameworks/QuartzCore.framework; sourceTree = SDKROOT; };
		131E74311769C10E00457C90 /* CoreText.framework */ = {isa = PBXFileReference; lastKnownFileType = wrapper.framework; name = CoreText.framework; path = System/Library/Frameworks/CoreText.framework; sourceTree = SDKROOT; };
		134018C91760A14B0047EC60 /* hmmdefs */ = {isa = PBXFileReference; fileEncoding = 4; lastKnownFileType = text; name = hmmdefs; path = model/hmmdefs; sourceTree = SOURCE_ROOT; };
		134018CA1760A14B0047EC60 /* tiedlist */ = {isa = PBXFileReference; fileEncoding = 4; lastKnownFileType = text; name = tiedlist; path = model/tiedlist; sourceTree = SOURCE_ROOT; };
		134018E41760A2190047EC60 /* julius.xcodeproj */ = {isa = PBXFileReference; lastKnownFileType = "wrapper.pb-project"; name = julius.xcodeproj; path = ../julius/julius.xcodeproj; sourceTree = "<group>"; };
		1344A4061769E86400BD73F9 /* MainWindow.xib */ = {isa = PBXFileReference; fileEncoding = 4; lastKnownFileType = file.xib; path = MainWindow.xib; sourceTree = "<group>"; };
		1344A4071769E86400BD73F9 /* JuliusSampleViewController.xib */ = {isa = PBXFileReference; fileEncoding = 4; lastKnownFileType = file.xib; path = JuliusSampleViewController.xib; sourceTree = "<group>"; };
		135CA0CA17AA453E008F962C /* MyAudioManager.h */ = {isa = PBXFileReference; fileEncoding = 4; lastKnownFileType = sourcecode.c.h; path = MyAudioManager.h; sourceTree = "<group>"; };
		135CA0CB17AA453E008F962C /* MyAudioManager.m */ = {isa = PBXFileReference; fileEncoding = 4; lastKnownFileType = sourcecode.c.objc; path = MyAudioManager.m; sourceTree = "<group>"; };
		135CA0CE17AA454F008F962C /* aubio.h */ = {isa = PBXFileReference; fileEncoding = 4; lastKnownFileType = sourcecode.c.h; path = aubio.h; sourceTree = "<group>"; };
		135CA0CF17AA454F008F962C /* aubio_priv.h */ = {isa = PBXFileReference; fileEncoding = 4; lastKnownFileType = sourcecode.c.h; path = aubio_priv.h; sourceTree = "<group>"; };
		135CA0D017AA454F008F962C /* config.h */ = {isa = PBXFileReference; fileEncoding = 4; lastKnownFileType = sourcecode.c.h; path = config.h; sourceTree = "<group>"; };
		135CA0D117AA454F008F962C /* cvec.c */ = {isa = PBXFileReference; fileEncoding = 4; lastKnownFileType = sourcecode.c.c; path = cvec.c; sourceTree = "<group>"; };
		135CA0D217AA454F008F962C /* cvec.h */ = {isa = PBXFileReference; fileEncoding = 4; lastKnownFileType = sourcecode.c.h; path = cvec.h; sourceTree = "<group>"; };
		135CA0D317AA454F008F962C /* fmat.c */ = {isa = PBXFileReference; fileEncoding = 4; lastKnownFileType = sourcecode.c.c; path = fmat.c; sourceTree = "<group>"; };
		135CA0D417AA454F008F962C /* fmat.h */ = {isa = PBXFileReference; fileEncoding = 4; lastKnownFileType = sourcecode.c.h; path = fmat.h; sourceTree = "<group>"; };
		135CA0D517AA454F008F962C /* fvec.c */ = {isa = PBXFileReference; fileEncoding = 4; lastKnownFileType = sourcecode.c.c; path = fvec.c; sourceTree = "<group>"; };
		135CA0D617AA454F008F962C /* fvec.h */ = {isa = PBXFileReference; fileEncoding = 4; lastKnownFileType = sourcecode.c.h; path = fvec.h; sourceTree = "<group>"; };
		135CA0D817AA454F008F962C /* sink.c */ = {isa = PBXFileReference; fileEncoding = 4; lastKnownFileType = sourcecode.c.c; path = sink.c; sourceTree = "<group>"; };
		135CA0D917AA454F008F962C /* sink.h */ = {isa = PBXFileReference; fileEncoding = 4; lastKnownFileType = sourcecode.c.h; path = sink.h; sourceTree = "<group>"; };
		135CA0DA17AA454F008F962C /* sink_apple_audio.c */ = {isa = PBXFileReference; fileEncoding = 4; lastKnownFileType = sourcecode.c.c; path = sink_apple_audio.c; sourceTree = "<group>"; };
		135CA0DB17AA454F008F962C /* sink_apple_audio.h */ = {isa = PBXFileReference; fileEncoding = 4; lastKnownFileType = sourcecode.c.h; path = sink_apple_audio.h; sourceTree = "<group>"; };
		135CA0DC17AA454F008F962C /* sink_sndfile.c */ = {isa = PBXFileReference; fileEncoding = 4; lastKnownFileType = sourcecode.c.c; path = sink_sndfile.c; sourceTree = "<group>"; };
		135CA0DD17AA454F008F962C /* sink_sndfile.h */ = {isa = PBXFileReference; fileEncoding = 4; lastKnownFileType = sourcecode.c.h; path = sink_sndfile.h; sourceTree = "<group>"; };
		135CA0DE17AA454F008F962C /* sndfileio.c */ = {isa = PBXFileReference; fileEncoding = 4; lastKnownFileType = sourcecode.c.c; path = sndfileio.c; sourceTree = "<group>"; };
		135CA0DF17AA454F008F962C /* sndfileio.h */ = {isa = PBXFileReference; fileEncoding = 4; lastKnownFileType = sourcecode.c.h; path = sndfileio.h; sourceTree = "<group>"; };
		135CA0E017AA454F008F962C /* source.c */ = {isa = PBXFileReference; fileEncoding = 4; lastKnownFileType = sourcecode.c.c; path = source.c; sourceTree = "<group>"; };
		135CA0E117AA454F008F962C /* source.h */ = {isa = PBXFileReference; fileEncoding = 4; lastKnownFileType = sourcecode.c.h; path = source.h; sourceTree = "<group>"; };
		135CA0E217AA454F008F962C /* source_apple_audio.c */ = {isa = PBXFileReference; fileEncoding = 4; lastKnownFileType = sourcecode.c.c; path = source_apple_audio.c; sourceTree = "<group>"; };
		135CA0E317AA454F008F962C /* source_apple_audio.h */ = {isa = PBXFileReference; fileEncoding = 4; lastKnownFileType = sourcecode.c.h; path = source_apple_audio.h; sourceTree = "<group>"; };
		135CA0E417AA454F008F962C /* source_sndfile.c */ = {isa = PBXFileReference; fileEncoding = 4; lastKnownFileType = sourcecode.c.c; path = source_sndfile.c; sourceTree = "<group>"; };
		135CA0E517AA454F008F962C /* source_sndfile.h */ = {isa = PBXFileReference; fileEncoding = 4; lastKnownFileType = sourcecode.c.h; path = source_sndfile.h; sourceTree = "<group>"; };
		135CA0E617AA454F008F962C /* utils_apple_audio.c */ = {isa = PBXFileReference; fileEncoding = 4; lastKnownFileType = sourcecode.c.c; path = utils_apple_audio.c; sourceTree = "<group>"; };
		135CA0E717AA454F008F962C /* lvec.c */ = {isa = PBXFileReference; fileEncoding = 4; lastKnownFileType = sourcecode.c.c; path = lvec.c; sourceTree = "<group>"; };
		135CA0E817AA454F008F962C /* lvec.h */ = {isa = PBXFileReference; fileEncoding = 4; lastKnownFileType = sourcecode.c.h; path = lvec.h; sourceTree = "<group>"; };
		135CA0E917AA454F008F962C /* mathutils.c */ = {isa = PBXFileReference; fileEncoding = 4; lastKnownFileType = sourcecode.c.c; path = mathutils.c; sourceTree = "<group>"; };
		135CA0EA17AA454F008F962C /* mathutils.h */ = {isa = PBXFileReference; fileEncoding = 4; lastKnownFileType = sourcecode.c.h; path = mathutils.h; sourceTree = "<group>"; };
		135CA0EB17AA454F008F962C /* musicutils.h */ = {isa = PBXFileReference; fileEncoding = 4; lastKnownFileType = sourcecode.c.h; path = musicutils.h; sourceTree = "<group>"; };
		135CA0ED17AA454F008F962C /* onset.c */ = {isa = PBXFileReference; fileEncoding = 4; lastKnownFileType = sourcecode.c.c; path = onset.c; sourceTree = "<group>"; };
		135CA0EE17AA454F008F962C /* onset.h */ = {isa = PBXFileReference; fileEncoding = 4; lastKnownFileType = sourcecode.c.h; path = onset.h; sourceTree = "<group>"; };
		135CA0EF17AA454F008F962C /* peakpicker.c */ = {isa = PBXFileReference; fileEncoding = 4; lastKnownFileType = sourcecode.c.c; path = peakpicker.c; sourceTree = "<group>"; };
		135CA0F017AA454F008F962C /* peakpicker.h */ = {isa = PBXFileReference; fileEncoding = 4; lastKnownFileType = sourcecode.c.h; path = peakpicker.h; sourceTree = "<group>"; };
		135CA0F217AA454F008F962C /* pitch.c */ = {isa = PBXFileReference; fileEncoding = 4; lastKnownFileType = sourcecode.c.c; path = pitch.c; sourceTree = "<group>"; };
		135CA0F317AA454F008F962C /* pitch.h */ = {isa = PBXFileReference; fileEncoding = 4; lastKnownFileType = sourcecode.c.h; path = pitch.h; sourceTree = "<group>"; };
		135CA0F417AA454F008F962C /* pitchfcomb.c */ = {isa = PBXFileReference; fileEncoding = 4; lastKnownFileType = sourcecode.c.c; path = pitchfcomb.c; sourceTree = "<group>"; };
		135CA0F517AA454F008F962C /* pitchfcomb.h */ = {isa = PBXFileReference; fileEncoding = 4; lastKnownFileType = sourcecode.c.h; path = pitchfcomb.h; sourceTree = "<group>"; };
		135CA0F617AA454F008F962C /* pitchmcomb.c */ = {isa = PBXFileReference; fileEncoding = 4; lastKnownFileType = sourcecode.c.c; path = pitchmcomb.c; sourceTree = "<group>"; };
		135CA0F717AA454F008F962C /* pitchmcomb.h */ = {isa = PBXFileReference; fileEncoding = 4; lastKnownFileType = sourcecode.c.h; path = pitchmcomb.h; sourceTree = "<group>"; };
		135CA0F817AA454F008F962C /* pitchschmitt.c */ = {isa = PBXFileReference; fileEncoding = 4; lastKnownFileType = sourcecode.c.c; path = pitchschmitt.c; sourceTree = "<group>"; };
		135CA0F917AA454F008F962C /* pitchschmitt.h */ = {isa = PBXFileReference; fileEncoding = 4; lastKnownFileType = sourcecode.c.h; path = pitchschmitt.h; sourceTree = "<group>"; };
		135CA0FA17AA454F008F962C /* pitchspecacf.c */ = {isa = PBXFileReference; fileEncoding = 4; lastKnownFileType = sourcecode.c.c; path = pitchspecacf.c; sourceTree = "<group>"; };
		135CA0FB17AA454F008F962C /* pitchspecacf.h */ = {isa = PBXFileReference; fileEncoding = 4; lastKnownFileType = sourcecode.c.h; path = pitchspecacf.h; sourceTree = "<group>"; };
		135CA0FC17AA454F008F962C /* pitchyin.c */ = {isa = PBXFileReference; fileEncoding = 4; lastKnownFileType = sourcecode.c.c; path = pitchyin.c; sourceTree = "<group>"; };
		135CA0FD17AA454F008F962C /* pitchyin.h */ = {isa = PBXFileReference; fileEncoding = 4; lastKnownFileType = sourcecode.c.h; path = pitchyin.h; sourceTree = "<group>"; };
		135CA0FE17AA454F008F962C /* pitchyinfft.c */ = {isa = PBXFileReference; fileEncoding = 4; lastKnownFileType = sourcecode.c.c; path = pitchyinfft.c; sourceTree = "<group>"; };
		135CA0FF17AA454F008F962C /* pitchyinfft.h */ = {isa = PBXFileReference; fileEncoding = 4; lastKnownFileType = sourcecode.c.h; path = pitchyinfft.h; sourceTree = "<group>"; };
		135CA10117AA454F008F962C /* fft.c */ = {isa = PBXFileReference; fileEncoding = 4; lastKnownFileType = sourcecode.c.c; path = fft.c; sourceTree = "<group>"; };
		135CA10217AA454F008F962C /* fft.h */ = {isa = PBXFileReference; fileEncoding = 4; lastKnownFileType = sourcecode.c.h; path = fft.h; sourceTree = "<group>"; };
		135CA10317AA454F008F962C /* filterbank.c */ = {isa = PBXFileReference; fileEncoding = 4; lastKnownFileType = sourcecode.c.c; path = filterbank.c; sourceTree = "<group>"; };
		135CA10417AA454F008F962C /* filterbank.h */ = {isa = PBXFileReference; fileEncoding = 4; lastKnownFileType = sourcecode.c.h; path = filterbank.h; sourceTree = "<group>"; };
		135CA10517AA454F008F962C /* filterbank_mel.c */ = {isa = PBXFileReference; fileEncoding = 4; lastKnownFileType = sourcecode.c.c; path = filterbank_mel.c; sourceTree = "<group>"; };
		135CA10617AA454F008F962C /* filterbank_mel.h */ = {isa = PBXFileReference; fileEncoding = 4; lastKnownFileType = sourcecode.c.h; path = filterbank_mel.h; sourceTree = "<group>"; };
		135CA10717AA454F008F962C /* mfcc.c */ = {isa = PBXFileReference; fileEncoding = 4; lastKnownFileType = sourcecode.c.c; path = mfcc.c; sourceTree = "<group>"; };
		135CA10817AA454F008F962C /* mfcc.h */ = {isa = PBXFileReference; fileEncoding = 4; lastKnownFileType = sourcecode.c.h; path = mfcc.h; sourceTree = "<group>"; };
		135CA10917AA454F008F962C /* ooura_fft8g.c */ = {isa = PBXFileReference; fileEncoding = 4; lastKnownFileType = sourcecode.c.c; path = ooura_fft8g.c; sourceTree = "<group>"; };
		135CA10A17AA454F008F962C /* phasevoc.c */ = {isa = PBXFileReference; fileEncoding = 4; lastKnownFileType = sourcecode.c.c; path = phasevoc.c; sourceTree = "<group>"; };
		135CA10B17AA454F008F962C /* phasevoc.h */ = {isa = PBXFileReference; fileEncoding = 4; lastKnownFileType = sourcecode.c.h; path = phasevoc.h; sourceTree = "<group>"; };
		135CA10C17AA454F008F962C /* specdesc.c */ = {isa = PBXFileReference; fileEncoding = 4; lastKnownFileType = sourcecode.c.c; path = specdesc.c; sourceTree = "<group>"; };
		135CA10D17AA454F008F962C /* specdesc.h */ = {isa = PBXFileReference; fileEncoding = 4; lastKnownFileType = sourcecode.c.h; path = specdesc.h; sourceTree = "<group>"; };
		135CA10E17AA454F008F962C /* statistics.c */ = {isa = PBXFileReference; fileEncoding = 4; lastKnownFileType = sourcecode.c.c; path = statistics.c; sourceTree = "<group>"; };
		135CA10F17AA454F008F962C /* tss.c */ = {isa = PBXFileReference; fileEncoding = 4; lastKnownFileType = sourcecode.c.c; path = tss.c; sourceTree = "<group>"; };
		135CA11017AA454F008F962C /* tss.h */ = {isa = PBXFileReference; fileEncoding = 4; lastKnownFileType = sourcecode.c.h; path = tss.h; sourceTree = "<group>"; };
		135CA11217AA454F008F962C /* sampler.c */ = {isa = PBXFileReference; fileEncoding = 4; lastKnownFileType = sourcecode.c.c; path = sampler.c; sourceTree = "<group>"; };
		135CA11317AA454F008F962C /* sampler.h */ = {isa = PBXFileReference; fileEncoding = 4; lastKnownFileType = sourcecode.c.h; path = sampler.h; sourceTree = "<group>"; };
		135CA11517AA454F008F962C /* beattracking.c */ = {isa = PBXFileReference; fileEncoding = 4; lastKnownFileType = sourcecode.c.c; path = beattracking.c; sourceTree = "<group>"; };
		135CA11617AA454F008F962C /* beattracking.h */ = {isa = PBXFileReference; fileEncoding = 4; lastKnownFileType = sourcecode.c.h; path = beattracking.h; sourceTree = "<group>"; };
		135CA11717AA454F008F962C /* tempo.c */ = {isa = PBXFileReference; fileEncoding = 4; lastKnownFileType = sourcecode.c.c; path = tempo.c; sourceTree = "<group>"; };
		135CA11817AA454F008F962C /* tempo.h */ = {isa = PBXFileReference; fileEncoding = 4; lastKnownFileType = sourcecode.c.h; path = tempo.h; sourceTree = "<group>"; };
		135CA11A17AA454F008F962C /* a_weighting.c */ = {isa = PBXFileReference; fileEncoding = 4; lastKnownFileType = sourcecode.c.c; path = a_weighting.c; sourceTree = "<group>"; };
		135CA11B17AA454F008F962C /* a_weighting.h */ = {isa = PBXFileReference; fileEncoding = 4; lastKnownFileType = sourcecode.c.h; path = a_weighting.h; sourceTree = "<group>"; };
		135CA11C17AA454F008F962C /* biquad.c */ = {isa = PBXFileReference; fileEncoding = 4; lastKnownFileType = sourcecode.c.c; path = biquad.c; sourceTree = "<group>"; };
		135CA11D17AA454F008F962C /* biquad.h */ = {isa = PBXFileReference; fileEncoding = 4; lastKnownFileType = sourcecode.c.h; path = biquad.h; sourceTree = "<group>"; };
		135CA11E17AA454F008F962C /* c_weighting.c */ = {isa = PBXFileReference; fileEncoding = 4; lastKnownFileType = sourcecode.c.c; path = c_weighting.c; sourceTree = "<group>"; };
		135CA11F17AA454F008F962C /* c_weighting.h */ = {isa = PBXFileReference; fileEncoding = 4; lastKnownFileType = sourcecode.c.h; path = c_weighting.h; sourceTree = "<group>"; };
		135CA12017AA454F008F962C /* filter.c */ = {isa = PBXFileReference; fileEncoding = 4; lastKnownFileType = sourcecode.c.c; path = filter.c; sourceTree = "<group>"; };
		135CA12117AA454F008F962C /* filter.h */ = {isa = PBXFileReference; fileEncoding = 4; lastKnownFileType = sourcecode.c.h; path = filter.h; sourceTree = "<group>"; };
		135CA12217AA454F008F962C /* resampler.c */ = {isa = PBXFileReference; fileEncoding = 4; lastKnownFileType = sourcecode.c.c; path = resampler.c; sourceTree = "<group>"; };
		135CA12317AA454F008F962C /* resampler.h */ = {isa = PBXFileReference; fileEncoding = 4; lastKnownFileType = sourcecode.c.h; path = resampler.h; sourceTree = "<group>"; };
		135CA12417AA454F008F962C /* types.h */ = {isa = PBXFileReference; fileEncoding = 4; lastKnownFileType = sourcecode.c.h; path = types.h; sourceTree = "<group>"; };
		135CA12617AA454F008F962C /* hist.c */ = {isa = PBXFileReference; fileEncoding = 4; lastKnownFileType = sourcecode.c.c; path = hist.c; sourceTree = "<group>"; };
		135CA12717AA454F008F962C /* hist.h */ = {isa = PBXFileReference; fileEncoding = 4; lastKnownFileType = sourcecode.c.h; path = hist.h; sourceTree = "<group>"; };
		135CA12817AA454F008F962C /* scale.c */ = {isa = PBXFileReference; fileEncoding = 4; lastKnownFileType = sourcecode.c.c; path = scale.c; sourceTree = "<group>"; };
		135CA12917AA454F008F962C /* scale.h */ = {isa = PBXFileReference; fileEncoding = 4; lastKnownFileType = sourcecode.c.h; path = scale.h; sourceTree = "<group>"; };
		135CA12A17AA454F008F962C /* utils.c */ = {isa = PBXFileReference; fileEncoding = 4; lastKnownFileType = sourcecode.c.c; path = utils.c; sourceTree = "<group>"; };
		135CA12B17AA454F008F962C /* utils.h */ = {isa = PBXFileReference; fileEncoding = 4; lastKnownFileType = sourcecode.c.h; path = utils.h; sourceTree = "<group>"; };
		135CA12C17AA454F008F962C /* vecutils.c */ = {isa = PBXFileReference; fileEncoding = 4; lastKnownFileType = sourcecode.c.c; path = vecutils.c; sourceTree = "<group>"; };
		135CA12D17AA454F008F962C /* vecutils.h */ = {isa = PBXFileReference; fileEncoding = 4; lastKnownFileType = sourcecode.c.h; path = vecutils.h; sourceTree = "<group>"; };
		135CA15917AA47DC008F962C /* README.textile */ = {isa = PBXFileReference; fileEncoding = 4; lastKnownFileType = text; name = README.textile; path = ../README.textile; sourceTree = "<group>"; };
		135CA17917AA701C008F962C /* test.dfa */ = {isa = PBXFileReference; fileEncoding = 4; lastKnownFileType = text; path = test.dfa; sourceTree = "<group>"; };
		135CA17A17AA701C008F962C /* test.dict */ = {isa = PBXFileReference; explicitFileType = text.rtf; path = test.dict; sourceTree = "<group>"; };
		135CA17B17AA701C008F962C /* test.grammar */ = {isa = PBXFileReference; fileEncoding = 4; lastKnownFileType = text; path = test.grammar; sourceTree = "<group>"; };
		135CA17C17AA701C008F962C /* test.voca */ = {isa = PBXFileReference; fileEncoding = 4; lastKnownFileType = text; path = test.voca; sourceTree = "<group>"; };
		135CA18217AA702F008F962C /* cmu07a.dic */ = {isa = PBXFileReference; fileEncoding = 4; lastKnownFileType = text; path = cmu07a.dic; sourceTree = "<group>"; };
		135CA18317AA702F008F962C /* gson-2.2.4.jar */ = {isa = PBXFileReference; lastKnownFileType = archive.jar; path = "gson-2.2.4.jar"; sourceTree = "<group>"; };
		135CA18417AA702F008F962C /* input.txt */ = {isa = PBXFileReference; fileEncoding = 4; lastKnownFileType = text; path = input.txt; sourceTree = "<group>"; };
		135CA18517AA702F008F962C /* JuliusTool.jar */ = {isa = PBXFileReference; lastKnownFileType = archive.jar; path = JuliusTool.jar; sourceTree = "<group>"; };
		135CA18617AA702F008F962C /* README.rtf */ = {isa = PBXFileReference; fileEncoding = 4; lastKnownFileType = text.rtf; path = README.rtf; sourceTree = "<group>"; };
		135CA18717AA702F008F962C /* run.sh */ = {isa = PBXFileReference; fileEncoding = 4; lastKnownFileType = text.script.sh; path = run.sh; sourceTree = "<group>"; };
		135CA18817AA702F008F962C /* test.dfa */ = {isa = PBXFileReference; fileEncoding = 4; lastKnownFileType = text; path = test.dfa; sourceTree = "<group>"; };
		135CA18917AA702F008F962C /* test.dict */ = {isa = PBXFileReference; explicitFileType = text.rtf; path = test.dict; sourceTree = "<group>"; };
		135CA18A17AA702F008F962C /* test.grammar */ = {isa = PBXFileReference; fileEncoding = 4; lastKnownFileType = text; path = test.grammar; sourceTree = "<group>"; };
		135CA18B17AA702F008F962C /* test.term */ = {isa = PBXFileReference; fileEncoding = 4; lastKnownFileType = text; path = test.term; sourceTree = "<group>"; };
		135CA18C17AA702F008F962C /* test.voca */ = {isa = PBXFileReference; fileEncoding = 4; lastKnownFileType = text; path = test.voca; sourceTree = "<group>"; };
		13684FCA12E0AC0D00FBF870 /* libz.dylib */ = {isa = PBXFileReference; lastKnownFileType = "compiled.mach-o.dylib"; name = libz.dylib; path = usr/lib/libz.dylib; sourceTree = SDKROOT; };
		13684FEA12E0AC9900FBF870 /* light.jconf */ = {isa = PBXFileReference; fileEncoding = 4; lastKnownFileType = text; path = light.jconf; sourceTree = "<group>"; };
		13A7B9E9174F347200E832F3 /* Accelerate.framework */ = {isa = PBXFileReference; lastKnownFileType = wrapper.framework; name = Accelerate.framework; path = System/Library/Frameworks/Accelerate.framework; sourceTree = SDKROOT; };
		13C5372112E1F9FB0071E4ED /* AVFoundation.framework */ = {isa = PBXFileReference; lastKnownFileType = wrapper.framework; name = AVFoundation.framework; path = System/Library/Frameworks/AVFoundation.framework; sourceTree = SDKROOT; };
		13C5372812E1FA070071E4ED /* CoreAudio.framework */ = {isa = PBXFileReference; lastKnownFileType = wrapper.framework; name = CoreAudio.framework; path = System/Library/Frameworks/CoreAudio.framework; sourceTree = SDKROOT; };
		13C5373D12E1FA910071E4ED /* Julius.h */ = {isa = PBXFileReference; fileEncoding = 4; lastKnownFileType = sourcecode.c.h; path = Julius.h; sourceTree = "<group>"; };
		13C5373E12E1FA910071E4ED /* Julius.m */ = {isa = PBXFileReference; fileEncoding = 4; lastKnownFileType = sourcecode.c.objc; path = Julius.m; sourceTree = "<group>"; };
		13C5378D12E1FFEA0071E4ED /* MBProgressHUD.h */ = {isa = PBXFileReference; fileEncoding = 4; lastKnownFileType = sourcecode.c.h; path = MBProgressHUD.h; sourceTree = "<group>"; };
		13C5378E12E1FFEA0071E4ED /* MBProgressHUD.m */ = {isa = PBXFileReference; fileEncoding = 4; lastKnownFileType = sourcecode.c.objc; path = MBProgressHUD.m; sourceTree = "<group>"; };
		13C5378F12E1FFEA0071E4ED /* README.mdown */ = {isa = PBXFileReference; fileEncoding = 4; lastKnownFileType = text; path = README.mdown; sourceTree = "<group>"; };
		13D3FE24174A221800A5EF7F /* CADebugMacros.h */ = {isa = PBXFileReference; fileEncoding = 4; lastKnownFileType = sourcecode.c.h; path = CADebugMacros.h; sourceTree = "<group>"; };
		13D3FE25174A221800A5EF7F /* CAStreamBasicDescription.h */ = {isa = PBXFileReference; fileEncoding = 4; lastKnownFileType = sourcecode.c.h; path = CAStreamBasicDescription.h; sourceTree = "<group>"; };
		13D3FE26174A221800A5EF7F /* CAXException.cpp */ = {isa = PBXFileReference; fileEncoding = 4; lastKnownFileType = sourcecode.cpp.cpp; path = CAXException.cpp; sourceTree = "<group>"; };
		13D3FE27174A221800A5EF7F /* CAXException.h */ = {isa = PBXFileReference; fileEncoding = 4; lastKnownFileType = sourcecode.c.h; path = CAXException.h; sourceTree = "<group>"; };
		13D3FE2A174A26A300A5EF7F /* AudioToolbox.framework */ = {isa = PBXFileReference; lastKnownFileType = wrapper.framework; name = AudioToolbox.framework; path = System/Library/Frameworks/AudioToolbox.framework; sourceTree = SDKROOT; };
		1D30AB110D05D00D00671497 /* Foundation.framework */ = {isa = PBXFileReference; lastKnownFileType = wrapper.framework; name = Foundation.framework; path = System/Library/Frameworks/Foundation.framework; sourceTree = SDKROOT; };
		1D3623240D0F684500981E51 /* JuliusSampleAppDelegate.h */ = {isa = PBXFileReference; fileEncoding = 4; lastKnownFileType = sourcecode.c.h; path = JuliusSampleAppDelegate.h; sourceTree = "<group>"; };
		1D3623250D0F684500981E51 /* JuliusSampleAppDelegate.m */ = {isa = PBXFileReference; fileEncoding = 4; lastKnownFileType = sourcecode.c.objc; path = JuliusSampleAppDelegate.m; sourceTree = "<group>"; };
		1D6058910D05DD3D006BFB54 /* JuliusSample.app */ = {isa = PBXFileReference; explicitFileType = wrapper.application; includeInIndex = 0; path = JuliusSample.app; sourceTree = BUILT_PRODUCTS_DIR; };
		1DF5F4DF0D08C38300B7A737 /* UIKit.framework */ = {isa = PBXFileReference; lastKnownFileType = wrapper.framework; name = UIKit.framework; path = System/Library/Frameworks/UIKit.framework; sourceTree = SDKROOT; };
		288765A40DF7441C002DB57D /* CoreGraphics.framework */ = {isa = PBXFileReference; lastKnownFileType = wrapper.framework; name = CoreGraphics.framework; path = System/Library/Frameworks/CoreGraphics.framework; sourceTree = SDKROOT; };
		29B97316FDCFA39411CA2CEA /* main.m */ = {isa = PBXFileReference; fileEncoding = 4; lastKnownFileType = sourcecode.c.objc; path = main.m; sourceTree = "<group>"; };
		32CA4F630368D1EE00C91783 /* JuliusSample_Prefix.pch */ = {isa = PBXFileReference; fileEncoding = 4; lastKnownFileType = sourcecode.c.h; path = JuliusSample_Prefix.pch; sourceTree = "<group>"; };
		4510C2AC1755ED6900C697AE /* test.jconf */ = {isa = PBXFileReference; fileEncoding = 4; lastKnownFileType = text; name = test.jconf; path = model/test.jconf; sourceTree = "<group>"; };
		4561EA5017719ED200EE391B /* rotate.png */ = {isa = PBXFileReference; lastKnownFileType = image.png; name = rotate.png; path = Classes/rotate.png; sourceTree = "<group>"; };
		45F2B34A1764155A00500BA4 /* SpeakViewController.xib */ = {isa = PBXFileReference; fileEncoding = 4; lastKnownFileType = file.xib; name = SpeakViewController.xib; path = Classes/SpeakViewController.xib; sourceTree = "<group>"; };
		45F2B34F176416D400500BA4 /* speak.jpg */ = {isa = PBXFileReference; lastKnownFileType = image.jpeg; path = speak.jpg; sourceTree = "<group>"; };
		8D1107310486CEB800E47090 /* JuliusSample-Info.plist */ = {isa = PBXFileReference; fileEncoding = 4; lastKnownFileType = text.plist.xml; path = "JuliusSample-Info.plist"; plistStructureDefinitionIdentifier = "com.apple.xcode.plist.structure-definition.iphone.info-plist"; sourceTree = "<group>"; };
/* End PBXFileReference section */

/* Begin PBXFrameworksBuildPhase section */
		1D60588F0D05DD3D006BFB54 /* Frameworks */ = {
			isa = PBXFrameworksBuildPhase;
			buildActionMask = 2147483647;
			files = (
				131E74321769C10E00457C90 /* CoreText.framework in Frameworks */,
				131BA5AA1762DB720033530B /* QuartzCore.framework in Frameworks */,
				13A7B9EA174F347200E832F3 /* Accelerate.framework in Frameworks */,
				13D3FE2B174A26A300A5EF7F /* AudioToolbox.framework in Frameworks */,
				1D60589F0D05DD5A006BFB54 /* Foundation.framework in Frameworks */,
				1DF5F4E00D08C38300B7A737 /* UIKit.framework in Frameworks */,
				288765A50DF7441C002DB57D /* CoreGraphics.framework in Frameworks */,
				13684FCB12E0AC0D00FBF870 /* libz.dylib in Frameworks */,
				131BA4A9176184EF0033530B /* libjulius.a in Frameworks */,
				13C5372212E1F9FB0071E4ED /* AVFoundation.framework in Frameworks */,
				13C5372912E1FA070071E4ED /* CoreAudio.framework in Frameworks */,
				135CA18E17AA702F008F962C /* gson-2.2.4.jar in Frameworks */,
				135CA19017AA702F008F962C /* JuliusTool.jar in Frameworks */,
			);
			runOnlyForDeploymentPostprocessing = 0;
		};
/* End PBXFrameworksBuildPhase section */

/* Begin PBXGroup section */
		080E96DDFE201D6D7F000001 /* Classes */ = {
			isa = PBXGroup;
			children = (
				135CA0CD17AA454F008F962C /* Aubio_iOS */,
				135CA0C917AA453E008F962C /* AudioEngine */,
				13684FAE12E0ABDB00FBF870 /* Controller */,
				13684FAD12E0ABD500FBF870 /* AppDelegate */,
			);
			path = Classes;
			sourceTree = "<group>";
		};
		134018E51760A2190047EC60 /* Products */ = {
			isa = PBXGroup;
			children = (
				134018F01760A21A0047EC60 /* libjulius.a */,
			);
			name = Products;
			sourceTree = "<group>";
		};
		135CA0C917AA453E008F962C /* AudioEngine */ = {
			isa = PBXGroup;
			children = (
				135CA0CA17AA453E008F962C /* MyAudioManager.h */,
				135CA0CB17AA453E008F962C /* MyAudioManager.m */,
			);
			path = AudioEngine;
			sourceTree = "<group>";
		};
		135CA0CD17AA454F008F962C /* Aubio_iOS */ = {
			isa = PBXGroup;
			children = (
				135CA0CE17AA454F008F962C /* aubio.h */,
				135CA0CF17AA454F008F962C /* aubio_priv.h */,
				135CA0D017AA454F008F962C /* config.h */,
				135CA0D117AA454F008F962C /* cvec.c */,
				135CA0D217AA454F008F962C /* cvec.h */,
				135CA0D317AA454F008F962C /* fmat.c */,
				135CA0D417AA454F008F962C /* fmat.h */,
				135CA0D517AA454F008F962C /* fvec.c */,
				135CA0D617AA454F008F962C /* fvec.h */,
				135CA0D717AA454F008F962C /* io */,
				135CA0E717AA454F008F962C /* lvec.c */,
				135CA0E817AA454F008F962C /* lvec.h */,
				135CA0E917AA454F008F962C /* mathutils.c */,
				135CA0EA17AA454F008F962C /* mathutils.h */,
				135CA0EB17AA454F008F962C /* musicutils.h */,
				135CA0EC17AA454F008F962C /* onset */,
				135CA0F117AA454F008F962C /* pitch */,
				135CA10017AA454F008F962C /* spectral */,
				135CA11117AA454F008F962C /* synth */,
				135CA11417AA454F008F962C /* tempo */,
				135CA11917AA454F008F962C /* temporal */,
				135CA12417AA454F008F962C /* types.h */,
				135CA12517AA454F008F962C /* utils */,
				135CA12A17AA454F008F962C /* utils.c */,
				135CA12B17AA454F008F962C /* utils.h */,
				135CA12C17AA454F008F962C /* vecutils.c */,
				135CA12D17AA454F008F962C /* vecutils.h */,
			);
			path = Aubio_iOS;
			sourceTree = "<group>";
		};
		135CA0D717AA454F008F962C /* io */ = {
			isa = PBXGroup;
			children = (
				135CA0D817AA454F008F962C /* sink.c */,
				135CA0D917AA454F008F962C /* sink.h */,
				135CA0DA17AA454F008F962C /* sink_apple_audio.c */,
				135CA0DB17AA454F008F962C /* sink_apple_audio.h */,
				135CA0DC17AA454F008F962C /* sink_sndfile.c */,
				135CA0DD17AA454F008F962C /* sink_sndfile.h */,
				135CA0DE17AA454F008F962C /* sndfileio.c */,
				135CA0DF17AA454F008F962C /* sndfileio.h */,
				135CA0E017AA454F008F962C /* source.c */,
				135CA0E117AA454F008F962C /* source.h */,
				135CA0E217AA454F008F962C /* source_apple_audio.c */,
				135CA0E317AA454F008F962C /* source_apple_audio.h */,
				135CA0E417AA454F008F962C /* source_sndfile.c */,
				135CA0E517AA454F008F962C /* source_sndfile.h */,
				135CA0E617AA454F008F962C /* utils_apple_audio.c */,
			);
			path = io;
			sourceTree = "<group>";
		};
		135CA0EC17AA454F008F962C /* onset */ = {
			isa = PBXGroup;
			children = (
				135CA0ED17AA454F008F962C /* onset.c */,
				135CA0EE17AA454F008F962C /* onset.h */,
				135CA0EF17AA454F008F962C /* peakpicker.c */,
				135CA0F017AA454F008F962C /* peakpicker.h */,
			);
			path = onset;
			sourceTree = "<group>";
		};
		135CA0F117AA454F008F962C /* pitch */ = {
			isa = PBXGroup;
			children = (
				135CA0F217AA454F008F962C /* pitch.c */,
				135CA0F317AA454F008F962C /* pitch.h */,
				135CA0F417AA454F008F962C /* pitchfcomb.c */,
				135CA0F517AA454F008F962C /* pitchfcomb.h */,
				135CA0F617AA454F008F962C /* pitchmcomb.c */,
				135CA0F717AA454F008F962C /* pitchmcomb.h */,
				135CA0F817AA454F008F962C /* pitchschmitt.c */,
				135CA0F917AA454F008F962C /* pitchschmitt.h */,
				135CA0FA17AA454F008F962C /* pitchspecacf.c */,
				135CA0FB17AA454F008F962C /* pitchspecacf.h */,
				135CA0FC17AA454F008F962C /* pitchyin.c */,
				135CA0FD17AA454F008F962C /* pitchyin.h */,
				135CA0FE17AA454F008F962C /* pitchyinfft.c */,
				135CA0FF17AA454F008F962C /* pitchyinfft.h */,
			);
			path = pitch;
			sourceTree = "<group>";
		};
		135CA10017AA454F008F962C /* spectral */ = {
			isa = PBXGroup;
			children = (
				135CA10117AA454F008F962C /* fft.c */,
				135CA10217AA454F008F962C /* fft.h */,
				135CA10317AA454F008F962C /* filterbank.c */,
				135CA10417AA454F008F962C /* filterbank.h */,
				135CA10517AA454F008F962C /* filterbank_mel.c */,
				135CA10617AA454F008F962C /* filterbank_mel.h */,
				135CA10717AA454F008F962C /* mfcc.c */,
				135CA10817AA454F008F962C /* mfcc.h */,
				135CA10917AA454F008F962C /* ooura_fft8g.c */,
				135CA10A17AA454F008F962C /* phasevoc.c */,
				135CA10B17AA454F008F962C /* phasevoc.h */,
				135CA10C17AA454F008F962C /* specdesc.c */,
				135CA10D17AA454F008F962C /* specdesc.h */,
				135CA10E17AA454F008F962C /* statistics.c */,
				135CA10F17AA454F008F962C /* tss.c */,
				135CA11017AA454F008F962C /* tss.h */,
			);
			path = spectral;
			sourceTree = "<group>";
		};
		135CA11117AA454F008F962C /* synth */ = {
			isa = PBXGroup;
			children = (
				135CA11217AA454F008F962C /* sampler.c */,
				135CA11317AA454F008F962C /* sampler.h */,
			);
			path = synth;
			sourceTree = "<group>";
		};
		135CA11417AA454F008F962C /* tempo */ = {
			isa = PBXGroup;
			children = (
				135CA11517AA454F008F962C /* beattracking.c */,
				135CA11617AA454F008F962C /* beattracking.h */,
				135CA11717AA454F008F962C /* tempo.c */,
				135CA11817AA454F008F962C /* tempo.h */,
			);
			path = tempo;
			sourceTree = "<group>";
		};
		135CA11917AA454F008F962C /* temporal */ = {
			isa = PBXGroup;
			children = (
				135CA11A17AA454F008F962C /* a_weighting.c */,
				135CA11B17AA454F008F962C /* a_weighting.h */,
				135CA11C17AA454F008F962C /* biquad.c */,
				135CA11D17AA454F008F962C /* biquad.h */,
				135CA11E17AA454F008F962C /* c_weighting.c */,
				135CA11F17AA454F008F962C /* c_weighting.h */,
				135CA12017AA454F008F962C /* filter.c */,
				135CA12117AA454F008F962C /* filter.h */,
				135CA12217AA454F008F962C /* resampler.c */,
				135CA12317AA454F008F962C /* resampler.h */,
			);
			path = temporal;
			sourceTree = "<group>";
		};
		135CA12517AA454F008F962C /* utils */ = {
			isa = PBXGroup;
			children = (
				135CA12617AA454F008F962C /* hist.c */,
				135CA12717AA454F008F962C /* hist.h */,
				135CA12817AA454F008F962C /* scale.c */,
				135CA12917AA454F008F962C /* scale.h */,
			);
			path = utils;
			sourceTree = "<group>";
		};
		135CA18117AA702F008F962C /* JuliusTool */ = {
			isa = PBXGroup;
			children = (
				135CA18217AA702F008F962C /* cmu07a.dic */,
				135CA18317AA702F008F962C /* gson-2.2.4.jar */,
				135CA18417AA702F008F962C /* input.txt */,
				135CA18517AA702F008F962C /* JuliusTool.jar */,
				135CA18617AA702F008F962C /* README.rtf */,
				135CA18717AA702F008F962C /* run.sh */,
				135CA18817AA702F008F962C /* test.dfa */,
				135CA18917AA702F008F962C /* test.dict */,
				135CA18A17AA702F008F962C /* test.grammar */,
				135CA18B17AA702F008F962C /* test.term */,
				135CA18C17AA702F008F962C /* test.voca */,
			);
			path = JuliusTool;
			sourceTree = "<group>";
		};
		13684FAD12E0ABD500FBF870 /* AppDelegate */ = {
			isa = PBXGroup;
			children = (
				1D3623240D0F684500981E51 /* JuliusSampleAppDelegate.h */,
				1D3623250D0F684500981E51 /* JuliusSampleAppDelegate.m */,
			);
			name = AppDelegate;
			sourceTree = "<group>";
		};
		13684FAE12E0ABDB00FBF870 /* Controller */ = {
			isa = PBXGroup;
			children = (
			);
			name = Controller;
			sourceTree = "<group>";
		};
		13684FAF12E0ABE800FBF870 /* xib */ = {
			isa = PBXGroup;
			children = (
				45F2B34A1764155A00500BA4 /* SpeakViewController.xib */,
				1344A4061769E86400BD73F9 /* MainWindow.xib */,
				1344A4071769E86400BD73F9 /* JuliusSampleViewController.xib */,
			);
			name = xib;
			sourceTree = "<group>";
		};
		13684FDB12E0AC5A00FBF870 /* model */ = {
			isa = PBXGroup;
			children = (
				13684FDC12E0AC5A00FBF870 /* lang_m */,
				13684FE012E0AC5B00FBF870 /* phone_m */,
			);
			path = model;
			sourceTree = "<group>";
		};
		13684FDC12E0AC5A00FBF870 /* lang_m */ = {
			isa = PBXGroup;
			children = (
				135CA17917AA701C008F962C /* test.dfa */,
				135CA17A17AA701C008F962C /* test.dict */,
				135CA17B17AA701C008F962C /* test.grammar */,
				135CA17C17AA701C008F962C /* test.voca */,
			);
			path = lang_m;
			sourceTree = "<group>";
		};
		13684FE012E0AC5B00FBF870 /* phone_m */ = {
			isa = PBXGroup;
			children = (
				134018C91760A14B0047EC60 /* hmmdefs */,
				134018CA1760A14B0047EC60 /* tiedlist */,
			);
			path = phone_m;
			sourceTree = "<group>";
		};
		13C5374012E1FA940071E4ED /* Julius */ = {
			isa = PBXGroup;
			children = (
				13C5373D12E1FA910071E4ED /* Julius.h */,
				13C5373E12E1FA910071E4ED /* Julius.m */,
			);
			name = Julius;
			sourceTree = "<group>";
		};
		13C5376612E1FFE90071E4ED /* MBProgressHUD */ = {
			isa = PBXGroup;
			children = (
				13C5378D12E1FFEA0071E4ED /* MBProgressHUD.h */,
				13C5378E12E1FFEA0071E4ED /* MBProgressHUD.m */,
				13C5378F12E1FFEA0071E4ED /* README.mdown */,
			);
			path = MBProgressHUD;
			sourceTree = "<group>";
		};
		13D3FE23174A21FD00A5EF7F /* CAUtility */ = {
			isa = PBXGroup;
			children = (
				13D3FE24174A221800A5EF7F /* CADebugMacros.h */,
				13D3FE25174A221800A5EF7F /* CAStreamBasicDescription.h */,
				13D3FE26174A221800A5EF7F /* CAXException.cpp */,
				13D3FE27174A221800A5EF7F /* CAXException.h */,
			);
			name = CAUtility;
			sourceTree = "<group>";
		};
		19C28FACFE9D520D11CA2CBB /* Products */ = {
			isa = PBXGroup;
			children = (
				1D6058910D05DD3D006BFB54 /* JuliusSample.app */,
			);
			name = Products;
			sourceTree = "<group>";
		};
		29B97314FDCFA39411CA2CEA /* CustomTemplate */ = {
			isa = PBXGroup;
			children = (
				135CA15917AA47DC008F962C /* README.textile */,
				080E96DDFE201D6D7F000001 /* Classes */,
				29B97315FDCFA39411CA2CEA /* Other Sources */,
				29B97317FDCFA39411CA2CEA /* Resources */,
				29B97323FDCFA39411CA2CEA /* Frameworks */,
				19C28FACFE9D520D11CA2CBB /* Products */,
			);
			name = CustomTemplate;
			sourceTree = "<group>";
		};
		29B97315FDCFA39411CA2CEA /* Other Sources */ = {
			isa = PBXGroup;
			children = (
				134018E41760A2190047EC60 /* julius.xcodeproj */,
				13D3FE23174A21FD00A5EF7F /* CAUtility */,
				13C5376612E1FFE90071E4ED /* MBProgressHUD */,
				13C5374012E1FA940071E4ED /* Julius */,
				32CA4F630368D1EE00C91783 /* JuliusSample_Prefix.pch */,
				29B97316FDCFA39411CA2CEA /* main.m */,
			);
			name = "Other Sources";
			sourceTree = "<group>";
		};
		29B97317FDCFA39411CA2CEA /* Resources */ = {
			isa = PBXGroup;
			children = (
				45F2B34E176416C700500BA4 /* images */,
				13684FAF12E0ABE800FBF870 /* xib */,
				13684FDB12E0AC5A00FBF870 /* model */,
				8D1107310486CEB800E47090 /* JuliusSample-Info.plist */,
				4510C2AC1755ED6900C697AE /* test.jconf */,
				13684FEA12E0AC9900FBF870 /* light.jconf */,
				135CA18117AA702F008F962C /* JuliusTool */,
			);
			name = Resources;
			sourceTree = "<group>";
		};
		29B97323FDCFA39411CA2CEA /* Frameworks */ = {
			isa = PBXGroup;
			children = (
				131E74311769C10E00457C90 /* CoreText.framework */,
				131BA5A91762DB720033530B /* QuartzCore.framework */,
				13A7B9E9174F347200E832F3 /* Accelerate.framework */,
				13D3FE2A174A26A300A5EF7F /* AudioToolbox.framework */,
				1DF5F4DF0D08C38300B7A737 /* UIKit.framework */,
				1D30AB110D05D00D00671497 /* Foundation.framework */,
				13C5372112E1F9FB0071E4ED /* AVFoundation.framework */,
				288765A40DF7441C002DB57D /* CoreGraphics.framework */,
				13C5372812E1FA070071E4ED /* CoreAudio.framework */,
				13684FCA12E0AC0D00FBF870 /* libz.dylib */,
			);
			name = Frameworks;
			sourceTree = "<group>";
		};
		45F2B34E176416C700500BA4 /* images */ = {
			isa = PBXGroup;
			children = (
				4561EA5017719ED200EE391B /* rotate.png */,
				45F2B34F176416D400500BA4 /* speak.jpg */,
			);
			name = images;
			sourceTree = "<group>";
		};
/* End PBXGroup section */

/* Begin PBXNativeTarget section */
		1D6058900D05DD3D006BFB54 /* JuliusSample */ = {
			isa = PBXNativeTarget;
			buildConfigurationList = 1D6058960D05DD3E006BFB54 /* Build configuration list for PBXNativeTarget "JuliusSample" */;
			buildPhases = (
				1D60588D0D05DD3D006BFB54 /* Resources */,
				1D60588E0D05DD3D006BFB54 /* Sources */,
				1D60588F0D05DD3D006BFB54 /* Frameworks */,
			);
			buildRules = (
			);
			dependencies = (
			);
			name = JuliusSample;
			productName = JuliusSample;
			productReference = 1D6058910D05DD3D006BFB54 /* JuliusSample.app */;
			productType = "com.apple.product-type.application";
		};
/* End PBXNativeTarget section */

/* Begin PBXProject section */
		29B97313FDCFA39411CA2CEA /* Project object */ = {
			isa = PBXProject;
			attributes = {
				LastUpgradeCheck = 0450;
			};
			buildConfigurationList = C01FCF4E08A954540054247B /* Build configuration list for PBXProject "JuliusSample" */;
			compatibilityVersion = "Xcode 3.2";
			developmentRegion = English;
			hasScannedForEncodings = 1;
			knownRegions = (
				English,
				Japanese,
				French,
				German,
			);
			mainGroup = 29B97314FDCFA39411CA2CEA /* CustomTemplate */;
			projectDirPath = "";
			projectReferences = (
				{
					ProductGroup = 134018E51760A2190047EC60 /* Products */;
					ProjectRef = 134018E41760A2190047EC60 /* julius.xcodeproj */;
				},
			);
			projectRoot = "";
			targets = (
				1D6058900D05DD3D006BFB54 /* JuliusSample */,
			);
		};
/* End PBXProject section */

/* Begin PBXReferenceProxy section */
		134018F01760A21A0047EC60 /* libjulius.a */ = {
			isa = PBXReferenceProxy;
			fileType = archive.ar;
			path = libjulius.a;
			remoteRef = 134018EF1760A21A0047EC60 /* PBXContainerItemProxy */;
			sourceTree = BUILT_PRODUCTS_DIR;
		};
/* End PBXReferenceProxy section */

/* Begin PBXResourcesBuildPhase section */
		1D60588D0D05DD3D006BFB54 /* Resources */ = {
			isa = PBXResourcesBuildPhase;
			buildActionMask = 2147483647;
			files = (
				13684FEB12E0AC9900FBF870 /* light.jconf in Resources */,
				13C537A912E1FFEA0071E4ED /* README.mdown in Resources */,
				4510C2AD1755ED6900C697AE /* test.jconf in Resources */,
				134018CB1760A14B0047EC60 /* hmmdefs in Resources */,
				134018CC1760A14B0047EC60 /* tiedlist in Resources */,
				45F2B34C1764155A00500BA4 /* SpeakViewController.xib in Resources */,
				45F2B350176416D400500BA4 /* speak.jpg in Resources */,
				1344A4081769E86400BD73F9 /* MainWindow.xib in Resources */,
				1344A4091769E86400BD73F9 /* JuliusSampleViewController.xib in Resources */,
				4561EA5117719ED200EE391B /* rotate.png in Resources */,
				135CA15A17AA47DC008F962C /* README.textile in Resources */,
				135CA17D17AA701C008F962C /* test.dfa in Resources */,
				135CA17E17AA701C008F962C /* test.dict in Resources */,
				135CA17F17AA701C008F962C /* test.grammar in Resources */,
				135CA18017AA701C008F962C /* test.voca in Resources */,
				135CA18D17AA702F008F962C /* cmu07a.dic in Resources */,
				135CA18F17AA702F008F962C /* input.txt in Resources */,
				135CA19117AA702F008F962C /* README.rtf in Resources */,
				135CA19217AA702F008F962C /* run.sh in Resources */,
				135CA19317AA702F008F962C /* test.dfa in Resources */,
				135CA19417AA702F008F962C /* test.dict in Resources */,
				135CA19517AA702F008F962C /* test.grammar in Resources */,
				135CA19617AA702F008F962C /* test.term in Resources */,
				135CA19717AA702F008F962C /* test.voca in Resources */,
			);
			runOnlyForDeploymentPostprocessing = 0;
		};
/* End PBXResourcesBuildPhase section */

/* Begin PBXSourcesBuildPhase section */
		1D60588E0D05DD3D006BFB54 /* Sources */ = {
			isa = PBXSourcesBuildPhase;
			buildActionMask = 2147483647;
			files = (
				1D60589B0D05DD56006BFB54 /* main.m in Sources */,
				1D3623260D0F684500981E51 /* JuliusSampleAppDelegate.m in Sources */,
				13C5373F12E1FA910071E4ED /* Julius.m in Sources */,
				13C537A812E1FFEA0071E4ED /* MBProgressHUD.m in Sources */,
				13D3FE28174A221800A5EF7F /* CAXException.cpp in Sources */,
				135CA0CC17AA453E008F962C /* MyAudioManager.m in Sources */,
				135CA12E17AA454F008F962C /* cvec.c in Sources */,
				135CA12F17AA454F008F962C /* fmat.c in Sources */,
				135CA13017AA454F008F962C /* fvec.c in Sources */,
				135CA13117AA454F008F962C /* sink.c in Sources */,
				135CA13217AA454F008F962C /* sink_apple_audio.c in Sources */,
				135CA13317AA454F008F962C /* sink_sndfile.c in Sources */,
				135CA13417AA454F008F962C /* sndfileio.c in Sources */,
				135CA13517AA454F008F962C /* source.c in Sources */,
				135CA13617AA454F008F962C /* source_apple_audio.c in Sources */,
				135CA13717AA454F008F962C /* source_sndfile.c in Sources */,
				135CA13817AA454F008F962C /* utils_apple_audio.c in Sources */,
				135CA13917AA454F008F962C /* lvec.c in Sources */,
				135CA13A17AA454F008F962C /* mathutils.c in Sources */,
				135CA13B17AA454F008F962C /* onset.c in Sources */,
				135CA13C17AA454F008F962C /* peakpicker.c in Sources */,
				135CA13D17AA454F008F962C /* pitch.c in Sources */,
				135CA13E17AA454F008F962C /* pitchfcomb.c in Sources */,
				135CA13F17AA454F008F962C /* pitchmcomb.c in Sources */,
				135CA14017AA454F008F962C /* pitchschmitt.c in Sources */,
				135CA14117AA454F008F962C /* pitchspecacf.c in Sources */,
				135CA14217AA454F008F962C /* pitchyin.c in Sources */,
				135CA14317AA454F008F962C /* pitchyinfft.c in Sources */,
				135CA14417AA454F008F962C /* fft.c in Sources */,
				135CA14517AA454F008F962C /* filterbank.c in Sources */,
				135CA14617AA454F008F962C /* filterbank_mel.c in Sources */,
				135CA14717AA454F008F962C /* mfcc.c in Sources */,
				135CA14817AA454F008F962C /* ooura_fft8g.c in Sources */,
				135CA14917AA454F008F962C /* phasevoc.c in Sources */,
				135CA14A17AA454F008F962C /* specdesc.c in Sources */,
				135CA14B17AA454F008F962C /* statistics.c in Sources */,
				135CA14C17AA454F008F962C /* tss.c in Sources */,
				135CA14D17AA454F008F962C /* sampler.c in Sources */,
				135CA14E17AA454F008F962C /* beattracking.c in Sources */,
				135CA14F17AA454F008F962C /* tempo.c in Sources */,
				135CA15017AA454F008F962C /* a_weighting.c in Sources */,
				135CA15117AA454F008F962C /* biquad.c in Sources */,
				135CA15217AA454F008F962C /* c_weighting.c in Sources */,
				135CA15317AA454F008F962C /* filter.c in Sources */,
				135CA15417AA454F008F962C /* resampler.c in Sources */,
				135CA15517AA454F008F962C /* hist.c in Sources */,
				135CA15617AA454F008F962C /* scale.c in Sources */,
				135CA15717AA454F008F962C /* utils.c in Sources */,
				135CA15817AA454F008F962C /* vecutils.c in Sources */,
			);
			runOnlyForDeploymentPostprocessing = 0;
		};
/* End PBXSourcesBuildPhase section */

/* Begin XCBuildConfiguration section */
		1D6058940D05DD3E006BFB54 /* Debug */ = {
			isa = XCBuildConfiguration;
			buildSettings = {
				ALWAYS_SEARCH_USER_PATHS = NO;
				CLANG_ENABLE_OBJC_ARC = YES;
				COPY_PHASE_STRIP = NO;
				GCC_DYNAMIC_NO_PIC = NO;
				GCC_OPTIMIZATION_LEVEL = 0;
				GCC_PRECOMPILE_PREFIX_HEADER = YES;
				GCC_PREFIX_HEADER = JuliusSample_Prefix.pch;
				INFOPLIST_FILE = "JuliusSample-Info.plist";
				IPHONEOS_DEPLOYMENT_TARGET = 6.0;
				LIBRARY_SEARCH_PATHS = (
					"$(inherited)",
					"\"$(SRCROOT)/../../../Library/Developer/Xcode/DerivedData/JuliusSample-dkfxlwvaxsdltharyfnpfcqsertb/Build/Products/Debug-iphoneos\"",
				);
				PRODUCT_NAME = JuliusSample;
			};
			name = Debug;
		};
		1D6058950D05DD3E006BFB54 /* Release */ = {
			isa = XCBuildConfiguration;
			buildSettings = {
				ALWAYS_SEARCH_USER_PATHS = NO;
				CLANG_ENABLE_OBJC_ARC = YES;
				COPY_PHASE_STRIP = YES;
				GCC_PRECOMPILE_PREFIX_HEADER = YES;
				GCC_PREFIX_HEADER = JuliusSample_Prefix.pch;
				INFOPLIST_FILE = "JuliusSample-Info.plist";
				IPHONEOS_DEPLOYMENT_TARGET = 6.0;
				LIBRARY_SEARCH_PATHS = (
					"$(inherited)",
					"\"$(SRCROOT)/../../../Library/Developer/Xcode/DerivedData/JuliusSample-dkfxlwvaxsdltharyfnpfcqsertb/Build/Products/Debug-iphoneos\"",
				);
				PRODUCT_NAME = JuliusSample;
				VALIDATE_PRODUCT = YES;
			};
			name = Release;
		};
		C01FCF4F08A954540054247B /* Debug */ = {
			isa = XCBuildConfiguration;
			buildSettings = {
				ARCHS = "$(ARCHS_STANDARD_32_BIT)";
				"CODE_SIGN_IDENTITY[sdk=iphoneos*]" = "iPhone Developer";
				GCC_C_LANGUAGE_STANDARD = c99;
				GCC_WARN_ABOUT_RETURN_TYPE = YES;
				GCC_WARN_UNUSED_VARIABLE = YES;
				HEADER_SEARCH_PATHS = (
					../sent,
					../julius,
				);
				IPHONEOS_DEPLOYMENT_TARGET = 6.0;
				SDKROOT = iphoneos;
			};
			name = Debug;
		};
		C01FCF5008A954540054247B /* Release */ = {
			isa = XCBuildConfiguration;
			buildSettings = {
				ARCHS = "$(ARCHS_STANDARD_32_BIT)";
				"CODE_SIGN_IDENTITY[sdk=iphoneos*]" = "iPhone Developer";
				GCC_C_LANGUAGE_STANDARD = c99;
				GCC_WARN_ABOUT_RETURN_TYPE = YES;
				GCC_WARN_UNUSED_VARIABLE = YES;
				HEADER_SEARCH_PATHS = (
					../sent,
					../julius,
				);
				IPHONEOS_DEPLOYMENT_TARGET = 6.0;
				OTHER_CFLAGS = "-DNS_BLOCK_ASSERTIONS=1";
				SDKROOT = iphoneos;
			};
			name = Release;
		};
/* End XCBuildConfiguration section */

/* Begin XCConfigurationList section */
		1D6058960D05DD3E006BFB54 /* Build configuration list for PBXNativeTarget "JuliusSample" */ = {
			isa = XCConfigurationList;
			buildConfigurations = (
				1D6058940D05DD3E006BFB54 /* Debug */,
				1D6058950D05DD3E006BFB54 /* Release */,
			);
			defaultConfigurationIsVisible = 0;
			defaultConfigurationName = Release;
		};
		C01FCF4E08A954540054247B /* Build configuration list for PBXProject "JuliusSample" */ = {
			isa = XCConfigurationList;
			buildConfigurations = (
				C01FCF4F08A954540054247B /* Debug */,
				C01FCF5008A954540054247B /* Release */,
			);
			defaultConfigurationIsVisible = 0;
			defaultConfigurationName = Release;
		};
/* End XCConfigurationList section */
	};
	rootObject = 29B97313FDCFA39411CA2CEA /* Project object */;
}
